// !$*UTF8*$!
{
	archiveVersion = 1;
	classes = {
	};
	objectVersion = 55;
	objects = {

/* Begin PBXBuildFile section */
		0090EF1C73473760FAE401163A22E039 /* SafariView.swift in Sources */ = {isa = PBXBuildFile; fileRef = 70B1DB773B0E8FAF5070058CB5439A7C /* SafariView.swift */; };
		056EB490D0AE76FFAC144741E1F723AD /* URL.swift in Sources */ = {isa = PBXBuildFile; fileRef = E635007FA0FE278C7B50E1ED3E120466 /* URL.swift */; };
		06CB494F569E1C2428ECEB95DF8568E7 /* LibraryViewModel.swift in Sources */ = {isa = PBXBuildFile; fileRef = 382A952AF8D1A4146A128C44E336B5F6 /* LibraryViewModel.swift */; };
		07F41910F0EA0B900FE4AF0893331C72 /* SidebarViewController.swift in Sources */ = {isa = PBXBuildFile; fileRef = FC017E8651A77DD6FF735B1B390F01CA /* SidebarViewController.swift */; };
		087CE3460E39511D60755E165B662EF5 /* Attribute.swift in Sources */ = {isa = PBXBuildFile; fileRef = 8D3C33F93A400B054D82B0169A537CAA /* Attribute.swift */; };
		09C7EEAD210286D7D0677367CFDA0B49 /* TabLabel.swift in Sources */ = {isa = PBXBuildFile; fileRef = 114114E603E8ABAE270786CE6CA7F70D /* TabLabel.swift */; };
		09CE6ACAD98FFFA0B734CC205E60CD24 /* WebView.swift in Sources */ = {isa = PBXBuildFile; fileRef = 8A7FF1CFD6B0DA099ADFB21E37BCFE1E /* WebView.swift */; };
		0A8AA4EAFC226186D1EBEBBCE484BBB0 /* Errors.swift in Sources */ = {isa = PBXBuildFile; fileRef = BF0982517D5D9BF78ABF1C13800E69B0 /* Errors.swift */; };
		0C9247550249FE91A3F06044E17660A5 /* ArticleCell.swift in Sources */ = {isa = PBXBuildFile; fileRef = CBC9EEC5183B85B33E8F0FBAE28D21B2 /* ArticleCell.swift */; };
		0DA28DBFD60B6D3143F7C70B6B4AD581 /* NavigationViewModel.swift in Sources */ = {isa = PBXBuildFile; fileRef = E7A5B3715F6D7C7025528F415683D3EC /* NavigationViewModel.swift */; };
		114818508DCEE7703516130F608F922E /* CompactViewController.swift in Sources */ = {isa = PBXBuildFile; fileRef = 0C331AE68C36AA15800D0B8370DA2141 /* CompactViewController.swift */; };
		167311A49DE181571B5B30D2D842D689 /* SearchOperation.mm in Sources */ = {isa = PBXBuildFile; fileRef = F9BD3C4948E6A916830840B55B93DB35 /* SearchOperation.mm */; };
		18B32DE56CC0598C711D732A6A1EAEF4 /* ViewModifiers.swift in Sources */ = {isa = PBXBuildFile; fileRef = EC2626DC8FEA164684E29C81C9EE6BEC /* ViewModifiers.swift */; };
		19C15EA689AC30939F1DC966FAF1BBD6 /* ZimFileService.mm in Sources */ = {isa = PBXBuildFile; fileRef = D80384972021DE18B7E95BC48F99D0E0 /* ZimFileService.mm */; };
		1A933C647F242F69E612D2EC09E48DF8 /* Welcome.swift in Sources */ = {isa = PBXBuildFile; fileRef = 13BFDB833DBCFCDA6B12698E0A2EC7F1 /* Welcome.swift */; };
		20AAE8210E2B23619A28F73248E6EDD3 /* DownloadService.swift in Sources */ = {isa = PBXBuildFile; fileRef = 347B29DAE08B507CB6F232DA06DF1A8E /* DownloadService.swift */; };
		24D1DB69D0277CB19912FE11A064E57E /* SearchResult.m in Sources */ = {isa = PBXBuildFile; fileRef = 03A9D56AD3535DD269D4044BC5F3157F /* SearchResult.m */; };
		272559663CEF6281961EA8BA1E20C9A5 /* BrowserViewModel.swift in Sources */ = {isa = PBXBuildFile; fileRef = 56A23BEBD76143680E207A8C220F2F3E /* BrowserViewModel.swift */; };
		2E375FE4CEECA0B194635EECE01FF9C1 /* AppDelegate.swift in Sources */ = {isa = PBXBuildFile; fileRef = 95DD5E5D6EB7ED08A249332CE8860762 /* AppDelegate.swift */; };
		317C66DF1603CC7DB404C916229EE134 /* ZimFilesDownloads.swift in Sources */ = {isa = PBXBuildFile; fileRef = 6B4577A9F045F611F653D745C00E33F7 /* ZimFilesDownloads.swift */; };
		349471866D07101757C0B028DE5A3600 /* LibraryRefreshViewModelTest.swift in Sources */ = {isa = PBXBuildFile; fileRef = C7A4C81751D1428A0AC63F97DF25A425 /* LibraryRefreshViewModelTest.swift */; };
		38E54379A9063F6C4CDCD05AB89DABA9 /* ExternalLinkHandler.swift in Sources */ = {isa = PBXBuildFile; fileRef = 6A1E817C797E4EFF673C45FABD9C8156 /* ExternalLinkHandler.swift */; };
		3C94196C72153943BCF44219F818E4FB /* WebKitHandler.swift in Sources */ = {isa = PBXBuildFile; fileRef = F737C5986CC406CC2EC757F8E7DE73ED /* WebKitHandler.swift */; };
		3D13220A42E39A529CD1640564C910F0 /* FileImport.swift in Sources */ = {isa = PBXBuildFile; fileRef = E0338D56CA5917223BDD98FA8FA66AC4 /* FileImport.swift */; };
		3F2ACE8692570FA89B1034A723FE14A3 /* GridCommon.swift in Sources */ = {isa = PBXBuildFile; fileRef = ED46F8FD064936B2989F9C4A69C99B25 /* GridCommon.swift */; };
		41EA87D6E11318B798991CA7FDBB3A97 /* Patches.swift in Sources */ = {isa = PBXBuildFile; fileRef = 11775F6AD07AFDD9AF23D786FD16877D /* Patches.swift */; };
		41F1BB3F9AA9A076A6EEA2E6053141DB /* App_macOS.swift in Sources */ = {isa = PBXBuildFile; fileRef = D085A8DD03344D7E9B3E788EAA9DBBB7 /* App_macOS.swift */; };
		433F91AC6ABB71AE032CF73A77A96D0F /* BrowserTab.swift in Sources */ = {isa = PBXBuildFile; fileRef = 41BCA66E91B5116675D9F27A06690F44 /* BrowserTab.swift */; };
		4850341003C6DA7972CF3636147F22E4 /* Database.swift in Sources */ = {isa = PBXBuildFile; fileRef = EA7C1DEFB3F6C25198B0EB07BAC6C65E /* Database.swift */; };
		4AA2B71A10937D7A0A97C35D37B23670 /* SearchResultRow.swift in Sources */ = {isa = PBXBuildFile; fileRef = C60BB48DE03DC40363853759F61F7D40 /* SearchResultRow.swift */; };
		4BFE34FA927FCF1975103DE73F191E1C /* Message.swift in Sources */ = {isa = PBXBuildFile; fileRef = 1537B3A1B31F4FE2090CA4CBF43CE1D2 /* Message.swift */; };
		4FE492324A0A2FFB8B60C4538E0FEB44 /* OPDSParserTests.swift in Sources */ = {isa = PBXBuildFile; fileRef = E7AB367115CAE2B98E44C7A92E1A226F /* OPDSParserTests.swift */; };
		564E06C667731B06D109DCAFD2B43443 /* ZimFileRow.swift in Sources */ = {isa = PBXBuildFile; fileRef = 8035BE791423E16B3690D118D1F755DD /* ZimFileRow.swift */; };
		568F916BDC5FE72EA9517458A8D24971 /* TabsManagerButton.swift in Sources */ = {isa = PBXBuildFile; fileRef = F9BE8E1610C2ACA887A5889A7EF3429A /* TabsManagerButton.swift */; };
		574C56A2DD67D22D99B989059CB0FEC8 /* GridSection.swift in Sources */ = {isa = PBXBuildFile; fileRef = 73DADC8857FB343438059A92FE042E13 /* GridSection.swift */; };
		576E8D9B85BB1B0ADEFF86E0E59B4EF8 /* FlavorTag.swift in Sources */ = {isa = PBXBuildFile; fileRef = B2A2398BED4E7FB85D3BB4DDB5F616F2 /* FlavorTag.swift */; };
		57898951685484CBBC968C83F1641A42 /* NavigationButtons.swift in Sources */ = {isa = PBXBuildFile; fileRef = A94F2A8333230B566B360A0B0D5EBE09 /* NavigationButtons.swift */; };
		58ED6F46C795CB24903D9D2ED764261E /* FeatureFlags.swift in Sources */ = {isa = PBXBuildFile; fileRef = 1CF954C780EDF89DE4DEB0E9DF80D2D2 /* FeatureFlags.swift */; };
		5903EE16A607E2F2CBD8B0FEB1E790E5 /* DownloadTaskCell.swift in Sources */ = {isa = PBXBuildFile; fileRef = 4230A019E6E4187AD13DFE97CE5B01C4 /* DownloadTaskCell.swift */; };
		5BD2C8A528BE651635C1C365FFCBB082 /* SearchResults.swift in Sources */ = {isa = PBXBuildFile; fileRef = 70F5BDF82756C373F2137820C833C027 /* SearchResults.swift */; };
		5F753872C230CCC544D10336AE79D011 /* Log.swift in Sources */ = {isa = PBXBuildFile; fileRef = 5BEC08E510223F7C52C8A51B2CDD19ED /* Log.swift */; };
		64B7E198A6382E1700913D76BD32DCDC /* OutlineButton.swift in Sources */ = {isa = PBXBuildFile; fileRef = C71ED8E3F6E4D699EDBAB70E94248720 /* OutlineButton.swift */; };
		67149B4882D0314D8F3C749A4C273A2B /* Entities.swift in Sources */ = {isa = PBXBuildFile; fileRef = 4C46B5F4DD49E48109CD71044FCB3809 /* Entities.swift */; };
		6B539608799E9FE10BB76484DA3900D5 /* Main.storyboard in Resources */ = {isa = PBXBuildFile; fileRef = 5D470563707CB76E7156D0D66C6A491E /* Main.storyboard */; };
		6EA1D49EBB509B42976E845D90DC30DB /* Favicon.swift in Sources */ = {isa = PBXBuildFile; fileRef = 2C6CCDE528FCEC2377ABD8E511D8B1A3 /* Favicon.swift */; };
		763B1CD88FE8AA12BE2C9A9B2C36C3DD /* Assets.xcassets in Resources */ = {isa = PBXBuildFile; fileRef = 619BA5528A5500FCFCC4C33960C73FC9 /* Assets.xcassets */; };
		78A7A9E7D43DCFFD2E578777312B30BA /* ZimFileDetail.swift in Sources */ = {isa = PBXBuildFile; fileRef = B8BBB28717E68B6439B409CA8AF1B528 /* ZimFileDetail.swift */; };
		7BF22B8E19F8E9449F0150B6B7209872 /* OPDSParser.mm in Sources */ = {isa = PBXBuildFile; fileRef = 69DC042D564FCA664AA85193B18DE1AA /* OPDSParser.mm */; };
		7D93AB544752EA9A1247D89015C85B07 /* CellBackground.swift in Sources */ = {isa = PBXBuildFile; fileRef = 35EE8753A1E96F31021E2F8F57C4A07E /* CellBackground.swift */; };
		8395827A19F8F5C6889348E4F2D433D3 /* DefaultKeys.swift in Sources */ = {isa = PBXBuildFile; fileRef = B846ED2EB4604FF507D131221BA6CF10 /* DefaultKeys.swift */; };
		844A9877B87C50EDF4E33C0119A42E59 /* ZimFilesNew.swift in Sources */ = {isa = PBXBuildFile; fileRef = B400E94A940D507E69F11B4474372F13 /* ZimFilesNew.swift */; };
		86064604620F8FB1A16BDC53FC29DEE7 /* BookmarkContextMenu.swift in Sources */ = {isa = PBXBuildFile; fileRef = 6CD351FB68434BD5468087CA7DD20BFD /* BookmarkContextMenu.swift */; };
		87021F0F161B88EB39E9129207B98008 /* wikipedia_dark.css in Resources */ = {isa = PBXBuildFile; fileRef = F8BCAE97C60E19EC232A70AEAF1E3D62 /* wikipedia_dark.css */; };
		896B8527C501FDC7E2AE73648124C783 /* ViewController.swift in Sources */ = {isa = PBXBuildFile; fileRef = 4D5E70919B7BF0A08263D51241818176 /* ViewController.swift */; };
		8BBB62FA3759357571D26CC316EE1559 /* Enum.swift in Sources */ = {isa = PBXBuildFile; fileRef = 2E6270D35ED7B2E6CB119D5DEAF7E3E8 /* Enum.swift */; };
		928992CA2EA7738C6DF76BD4203CBC3C /* ZimFileMetaData.mm in Sources */ = {isa = PBXBuildFile; fileRef = C8B0373B5F29C42662FD5E3D9A38D9D4 /* ZimFileMetaData.mm */; };
		93EE03F6BDA182BFBBC8833908C3127E /* Assets.xcassets in Resources */ = {isa = PBXBuildFile; fileRef = B77731F966A7050776E0F8DB2A8D4269 /* Assets.xcassets */; };
		9A462B7D2A4BE2CAF68A5C0F030D59C5 /* Commands.swift in Sources */ = {isa = PBXBuildFile; fileRef = 0FCAA94985EAD3CE1DBCDA49B4583154 /* Commands.swift */; };
		A03ACE140D63367E4A452FB6938028E6 /* ZimFilesOpened.swift in Sources */ = {isa = PBXBuildFile; fileRef = F560E8C937D3CBDE66F5DAF47C539553 /* ZimFilesOpened.swift */; };
		A5066EAD631F5B60804E7F8FC46FEBB4 /* LanguageSelector.swift in Sources */ = {isa = PBXBuildFile; fileRef = A6F348A7FF9A19FCD2119E1E663740D4 /* LanguageSelector.swift */; };
		A6765D8A1F0D5AE2D34EF0DB7C14C9A6 /* LibraryLastRefreshTime.swift in Sources */ = {isa = PBXBuildFile; fileRef = 391C2FD89D2B888287518DDBD4E59028 /* LibraryLastRefreshTime.swift */; };
		A7E24EE99FE4704F32B88CA2C11559A7 /* Settings.swift in Sources */ = {isa = PBXBuildFile; fileRef = ED44A5CE2578951E7101D0DF22613AFD /* Settings.swift */; };
		A908BC1D6B7245341FD7490038C4034D /* LaunchScreen.storyboard in Resources */ = {isa = PBXBuildFile; fileRef = 46A2C468EB3B36E4503B6203D3981CA6 /* LaunchScreen.storyboard */; };
		A993936F603AF14AD2924F9577C55B87 /* Formatter.swift in Sources */ = {isa = PBXBuildFile; fileRef = A1D61671158BB68FFB01751BF978CF86 /* Formatter.swift */; };
		AA122771C12CB4B06A99070BF46B0E7C /* ZimFilesCategories.swift in Sources */ = {isa = PBXBuildFile; fileRef = C8181DB7981EFE71DFA2DD6C77F8DDC4 /* ZimFilesCategories.swift */; };
		AC0C4C79571579061C8949D4CC1BCF11 /* SearchResult.swift in Sources */ = {isa = PBXBuildFile; fileRef = 29657D88FC7D6575C28828DB0AC0B24C /* SearchResult.swift */; };
		B0855F83044E27688A169E9BCA7E88E0 /* ZimFileCell.swift in Sources */ = {isa = PBXBuildFile; fileRef = 55092452C492F3F1D95E6068D2042712 /* ZimFileCell.swift */; };
		B11185C5F2DB6A1B620A57451C2282E1 /* OPDSParser.swift in Sources */ = {isa = PBXBuildFile; fileRef = A29623828247A7E1DD0FF9BFDA1364F4 /* OPDSParser.swift */; };
		B5452536554165BB5305EBC7F8ABF31B /* SearchOperation.swift in Sources */ = {isa = PBXBuildFile; fileRef = B5CFECAB62433EE1F17245AE517B287E /* SearchOperation.swift */; };
		BC3347D56B8E0674FA1E3C34095709C4 /* BookmarkButton.swift in Sources */ = {isa = PBXBuildFile; fileRef = A3E99FAF09E8B9BE7CC5571E6C29A29C /* BookmarkButton.swift */; };
		CB8A26AFBB3436F18C0BE12DAEFA5174 /* DirectoryMonitor.swift in Sources */ = {isa = PBXBuildFile; fileRef = 1F4665AF8AC99FAB0437CDAC1E5C8EA0 /* DirectoryMonitor.swift */; };
		CE76D786229D87DE0C982776BB109273 /* LibraryOperations.swift in Sources */ = {isa = PBXBuildFile; fileRef = 5995B06510A3552D4FDF8B96393D0417 /* LibraryOperations.swift */; };
		D1EEC5339959694A33A00A9B7509EEE4 /* DataModel.xcdatamodeld in Sources */ = {isa = PBXBuildFile; fileRef = F4C674D35F7B74E5775E0D21C5E0B0BB /* DataModel.xcdatamodeld */; };
		D48DBE53D18948C15E3FB68AB0A4B101 /* About.swift in Sources */ = {isa = PBXBuildFile; fileRef = B73325FF7929E0BB717B2E1C4DDD2013 /* About.swift */; };
		DD8271A239FB3302C3944A8DAF977253 /* ZimFileMissingIndicator.swift in Sources */ = {isa = PBXBuildFile; fileRef = 88876A810118A1F86967FECA52FE2418 /* ZimFileMissingIndicator.swift */; };
		E177776151BEEE523143EC9CEE479F4C /* SheetContent.swift in Sources */ = {isa = PBXBuildFile; fileRef = 7ADF905994DC7CBA0223E06A1F3911AE /* SheetContent.swift */; };
		E323A9AD5EA3AC6C04345C3DCE98C104 /* ArticleShortcutButtons.swift in Sources */ = {isa = PBXBuildFile; fileRef = B0AFF8DE9EBDD22DA7A0A71A33F8FE60 /* ArticleShortcutButtons.swift */; };
		E3F21F4C5E2D0B5265473242AE520758 /* ZimFileService.swift in Sources */ = {isa = PBXBuildFile; fileRef = 2300456F955151C079E3DC925673BC1A /* ZimFileService.swift */; };
		E5D7836219D7E28F691779C5C91D083E /* App_iOS.swift in Sources */ = {isa = PBXBuildFile; fileRef = 11602A0D28F12CAEA3AF9A97ECF239F5 /* App_iOS.swift */; };
		EEAA4A7F67644DB646AEA1DBBE86FEDD /* SplitViewController.swift in Sources */ = {isa = PBXBuildFile; fileRef = 7547F9714C6B54BEE72D3B510B069274 /* SplitViewController.swift */; };
		EF85D79E37A0819518673EFB3523C5C6 /* HTMLParser.swift in Sources */ = {isa = PBXBuildFile; fileRef = 788D4DB07042EB574EC2CFF7F4BC0EC3 /* HTMLParser.swift */; };
		F04B5B3881644BD53C94445CAF00C3BC /* Bookmarks.swift in Sources */ = {isa = PBXBuildFile; fileRef = 61CFADAE1436FA4BAD0B66FEA48CCE48 /* Bookmarks.swift */; };
		F32646B65E9F8341012986918BAFB4B6 /* AlertHandler.swift in Sources */ = {isa = PBXBuildFile; fileRef = 05B6C4C5BC63A0A69112FF886B7446B3 /* AlertHandler.swift */; };
		F6BE763318825F7460CB09184F8C7368 /* injection.js in Resources */ = {isa = PBXBuildFile; fileRef = 8603D2176A197FAA388545DB200A8387 /* injection.js */; };
		F7AB9A9E18817D93133E505C29222500 /* CoreKiwix.xcframework in Frameworks */ = {isa = PBXBuildFile; fileRef = 7B226696DDF9FFE218ADF9979ECB4F55 /* CoreKiwix.xcframework */; };
		F8ECB9847B6A9B1641E489A545FA081C /* SearchViewModel.swift in Sources */ = {isa = PBXBuildFile; fileRef = 362193EC7993D33055E8962374ECB3E6 /* SearchViewModel.swift */; };
		FC4DDEA66E63F7FFB776E2D8C62D8297 /* Library.swift in Sources */ = {isa = PBXBuildFile; fileRef = 3D0DC48A3D41136BC3639A2F8D0E2F82 /* Library.swift */; };
/* End PBXBuildFile section */

/* Begin PBXContainerItemProxy section */
		7F0E025EF9AA19E153702CB5FA08ACE0 /* PBXContainerItemProxy */ = {
			isa = PBXContainerItemProxy;
			containerPortal = 5BF54D938CAB9344C114C3DF569A5E14 /* Project object */;
			proxyType = 1;
			remoteGlobalIDString = FF670FB01AEEFFD29B3024F9574F7517;
			remoteInfo = Kiwix;
		};
/* End PBXContainerItemProxy section */

/* Begin PBXCopyFilesBuildPhase section */
		1B0982CB71023E3D86BC35BCEB501796 /* Embed Frameworks */ = {
			isa = PBXCopyFilesBuildPhase;
			buildActionMask = 2147483647;
			dstPath = "";
			dstSubfolderSpec = 10;
			files = (
			);
			name = "Embed Frameworks";
			runOnlyForDeploymentPostprocessing = 0;
		};
/* End PBXCopyFilesBuildPhase section */

/* Begin PBXFileReference section */
		03A9D56AD3535DD269D4044BC5F3157F /* SearchResult.m */ = {isa = PBXFileReference; lastKnownFileType = sourcecode.c.objc; path = SearchResult.m; sourceTree = "<group>"; };
		05B6C4C5BC63A0A69112FF886B7446B3 /* AlertHandler.swift */ = {isa = PBXFileReference; lastKnownFileType = sourcecode.swift; path = AlertHandler.swift; sourceTree = "<group>"; };
		0C331AE68C36AA15800D0B8370DA2141 /* CompactViewController.swift */ = {isa = PBXFileReference; lastKnownFileType = sourcecode.swift; path = CompactViewController.swift; sourceTree = "<group>"; };
		0FCAA94985EAD3CE1DBCDA49B4583154 /* Commands.swift */ = {isa = PBXFileReference; lastKnownFileType = sourcecode.swift; path = Commands.swift; sourceTree = "<group>"; };
		114114E603E8ABAE270786CE6CA7F70D /* TabLabel.swift */ = {isa = PBXFileReference; lastKnownFileType = sourcecode.swift; path = TabLabel.swift; sourceTree = "<group>"; };
		11602A0D28F12CAEA3AF9A97ECF239F5 /* App_iOS.swift */ = {isa = PBXFileReference; lastKnownFileType = sourcecode.swift; path = App_iOS.swift; sourceTree = "<group>"; };
		11775F6AD07AFDD9AF23D786FD16877D /* Patches.swift */ = {isa = PBXFileReference; lastKnownFileType = sourcecode.swift; path = Patches.swift; sourceTree = "<group>"; };
		13BFDB833DBCFCDA6B12698E0A2EC7F1 /* Welcome.swift */ = {isa = PBXFileReference; lastKnownFileType = sourcecode.swift; path = Welcome.swift; sourceTree = "<group>"; };
		1537B3A1B31F4FE2090CA4CBF43CE1D2 /* Message.swift */ = {isa = PBXFileReference; lastKnownFileType = sourcecode.swift; path = Message.swift; sourceTree = "<group>"; };
		1CCFCAFC41F392749620E64790FC8435 /* Kiwix.app */ = {isa = PBXFileReference; explicitFileType = wrapper.application; includeInIndex = 0; path = Kiwix.app; sourceTree = BUILT_PRODUCTS_DIR; };
		1CF954C780EDF89DE4DEB0E9DF80D2D2 /* FeatureFlags.swift */ = {isa = PBXFileReference; lastKnownFileType = sourcecode.swift; path = FeatureFlags.swift; sourceTree = "<group>"; };
		1E0B229B4EADB8EBC14F5EAF131B73F9 /* SwiftUI.framework */ = {isa = PBXFileReference; lastKnownFileType = wrapper.framework; name = SwiftUI.framework; path = System/Library/Frameworks/SwiftUI.framework; sourceTree = SDKROOT; };
		1F4665AF8AC99FAB0437CDAC1E5C8EA0 /* DirectoryMonitor.swift */ = {isa = PBXFileReference; fileEncoding = 4; lastKnownFileType = sourcecode.swift; path = DirectoryMonitor.swift; sourceTree = "<group>"; };
		2300456F955151C079E3DC925673BC1A /* ZimFileService.swift */ = {isa = PBXFileReference; fileEncoding = 4; lastKnownFileType = sourcecode.swift; path = ZimFileService.swift; sourceTree = "<group>"; };
		27CC99A05AEC3AF3FFF91C899687BC62 /* Kiwix-Bridging-Header.h */ = {isa = PBXFileReference; fileEncoding = 4; lastKnownFileType = sourcecode.c.h; path = "Kiwix-Bridging-Header.h"; sourceTree = "<group>"; };
		29657D88FC7D6575C28828DB0AC0B24C /* SearchResult.swift */ = {isa = PBXFileReference; lastKnownFileType = sourcecode.swift; path = SearchResult.swift; sourceTree = "<group>"; };
		2C6CCDE528FCEC2377ABD8E511D8B1A3 /* Favicon.swift */ = {isa = PBXFileReference; lastKnownFileType = sourcecode.swift; path = Favicon.swift; sourceTree = "<group>"; };
		2E6270D35ED7B2E6CB119D5DEAF7E3E8 /* Enum.swift */ = {isa = PBXFileReference; lastKnownFileType = sourcecode.swift; path = Enum.swift; sourceTree = "<group>"; };
		2EEA94DB5A22DAEC295650D2770E6DA1 /* Info.plist */ = {isa = PBXFileReference; lastKnownFileType = text.plist.xml; path = Info.plist; sourceTree = "<group>"; };
		347B29DAE08B507CB6F232DA06DF1A8E /* DownloadService.swift */ = {isa = PBXFileReference; lastKnownFileType = sourcecode.swift; path = DownloadService.swift; sourceTree = "<group>"; };
		35EE8753A1E96F31021E2F8F57C4A07E /* CellBackground.swift */ = {isa = PBXFileReference; lastKnownFileType = sourcecode.swift; path = CellBackground.swift; sourceTree = "<group>"; };
		3602384936AC5E70DA3B0A724470AF07 /* BookmarkOperations.swift */ = {isa = PBXFileReference; lastKnownFileType = sourcecode.swift; path = BookmarkOperations.swift; sourceTree = "<group>"; };
		362193EC7993D33055E8962374ECB3E6 /* SearchViewModel.swift */ = {isa = PBXFileReference; lastKnownFileType = sourcecode.swift; path = SearchViewModel.swift; sourceTree = "<group>"; };
		382A952AF8D1A4146A128C44E336B5F6 /* LibraryViewModel.swift */ = {isa = PBXFileReference; lastKnownFileType = sourcecode.swift; path = LibraryViewModel.swift; sourceTree = "<group>"; };
		38C0AF5ED4EB852DAD920FF325F32C06 /* Base */ = {isa = PBXFileReference; lastKnownFileType = file.storyboard; name = Base; path = Base.lproj/LaunchScreen.storyboard; sourceTree = "<group>"; };
		391C2FD89D2B888287518DDBD4E59028 /* LibraryLastRefreshTime.swift */ = {isa = PBXFileReference; lastKnownFileType = sourcecode.swift; path = LibraryLastRefreshTime.swift; sourceTree = "<group>"; };
		3B5752A6FE357E95CE8443D96B8F2F78 /* ParserTests.swift */ = {isa = PBXFileReference; lastKnownFileType = sourcecode.swift; path = ParserTests.swift; sourceTree = "<group>"; };
		3D0DC48A3D41136BC3639A2F8D0E2F82 /* Library.swift */ = {isa = PBXFileReference; lastKnownFileType = sourcecode.swift; path = Library.swift; sourceTree = "<group>"; };
		41BCA66E91B5116675D9F27A06690F44 /* BrowserTab.swift */ = {isa = PBXFileReference; lastKnownFileType = sourcecode.swift; path = BrowserTab.swift; sourceTree = "<group>"; };
		4230A019E6E4187AD13DFE97CE5B01C4 /* DownloadTaskCell.swift */ = {isa = PBXFileReference; lastKnownFileType = sourcecode.swift; path = DownloadTaskCell.swift; sourceTree = "<group>"; };
		4C46B5F4DD49E48109CD71044FCB3809 /* Entities.swift */ = {isa = PBXFileReference; lastKnownFileType = sourcecode.swift; path = Entities.swift; sourceTree = "<group>"; };
		4D5E70919B7BF0A08263D51241818176 /* ViewController.swift */ = {isa = PBXFileReference; lastKnownFileType = sourcecode.swift; path = ViewController.swift; sourceTree = "<group>"; };
		55092452C492F3F1D95E6068D2042712 /* ZimFileCell.swift */ = {isa = PBXFileReference; lastKnownFileType = sourcecode.swift; path = ZimFileCell.swift; sourceTree = "<group>"; };
		56A23BEBD76143680E207A8C220F2F3E /* BrowserViewModel.swift */ = {isa = PBXFileReference; lastKnownFileType = sourcecode.swift; path = BrowserViewModel.swift; sourceTree = "<group>"; };
		5995B06510A3552D4FDF8B96393D0417 /* LibraryOperations.swift */ = {isa = PBXFileReference; lastKnownFileType = sourcecode.swift; path = LibraryOperations.swift; sourceTree = "<group>"; };
		5BEC08E510223F7C52C8A51B2CDD19ED /* Log.swift */ = {isa = PBXFileReference; fileEncoding = 4; lastKnownFileType = sourcecode.swift; path = Log.swift; sourceTree = "<group>"; };
		5DD6A908A5637E0DB7F9B43F0A34490C /* WebKit.framework */ = {isa = PBXFileReference; lastKnownFileType = wrapper.framework; name = WebKit.framework; path = System/Library/Frameworks/WebKit.framework; sourceTree = SDKROOT; };
		619BA5528A5500FCFCC4C33960C73FC9 /* Assets.xcassets */ = {isa = PBXFileReference; lastKnownFileType = folder.assetcatalog; path = Assets.xcassets; sourceTree = "<group>"; };
		61CFADAE1436FA4BAD0B66FEA48CCE48 /* Bookmarks.swift */ = {isa = PBXFileReference; lastKnownFileType = sourcecode.swift; path = Bookmarks.swift; sourceTree = "<group>"; };
		62C6DBB5D043664A74E6D2D2174329E8 /* Tests.xctest */ = {isa = PBXFileReference; explicitFileType = wrapper.cfbundle; includeInIndex = 0; path = Tests.xctest; sourceTree = BUILT_PRODUCTS_DIR; };
		69DC042D564FCA664AA85193B18DE1AA /* OPDSParser.mm */ = {isa = PBXFileReference; fileEncoding = 4; lastKnownFileType = sourcecode.cpp.objcpp; path = OPDSParser.mm; sourceTree = "<group>"; };
		6A1E817C797E4EFF673C45FABD9C8156 /* ExternalLinkHandler.swift */ = {isa = PBXFileReference; lastKnownFileType = sourcecode.swift; path = ExternalLinkHandler.swift; sourceTree = "<group>"; };
		6B4577A9F045F611F653D745C00E33F7 /* ZimFilesDownloads.swift */ = {isa = PBXFileReference; lastKnownFileType = sourcecode.swift; path = ZimFilesDownloads.swift; sourceTree = "<group>"; };
		6CD351FB68434BD5468087CA7DD20BFD /* BookmarkContextMenu.swift */ = {isa = PBXFileReference; lastKnownFileType = sourcecode.swift; path = BookmarkContextMenu.swift; sourceTree = "<group>"; };
		70B1DB773B0E8FAF5070058CB5439A7C /* SafariView.swift */ = {isa = PBXFileReference; lastKnownFileType = sourcecode.swift; path = SafariView.swift; sourceTree = "<group>"; };
		70F5BDF82756C373F2137820C833C027 /* SearchResults.swift */ = {isa = PBXFileReference; lastKnownFileType = sourcecode.swift; path = SearchResults.swift; sourceTree = "<group>"; };
		73DADC8857FB343438059A92FE042E13 /* GridSection.swift */ = {isa = PBXFileReference; lastKnownFileType = sourcecode.swift; path = GridSection.swift; sourceTree = "<group>"; };
		7547F9714C6B54BEE72D3B510B069274 /* SplitViewController.swift */ = {isa = PBXFileReference; lastKnownFileType = sourcecode.swift; path = SplitViewController.swift; sourceTree = "<group>"; };
		788D4DB07042EB574EC2CFF7F4BC0EC3 /* HTMLParser.swift */ = {isa = PBXFileReference; fileEncoding = 4; lastKnownFileType = sourcecode.swift; path = HTMLParser.swift; sourceTree = "<group>"; };
		7ADF905994DC7CBA0223E06A1F3911AE /* SheetContent.swift */ = {isa = PBXFileReference; lastKnownFileType = sourcecode.swift; path = SheetContent.swift; sourceTree = "<group>"; };
		7B226696DDF9FFE218ADF9979ECB4F55 /* CoreKiwix.xcframework */ = {isa = PBXFileReference; lastKnownFileType = wrapper.xcframework; path = CoreKiwix.xcframework; sourceTree = "<group>"; };
		8035BE791423E16B3690D118D1F755DD /* ZimFileRow.swift */ = {isa = PBXFileReference; lastKnownFileType = sourcecode.swift; path = ZimFileRow.swift; sourceTree = "<group>"; };
		81651335211C7DEA4653DE166184C46C /* SearchResult.h */ = {isa = PBXFileReference; lastKnownFileType = sourcecode.c.h; path = SearchResult.h; sourceTree = "<group>"; };
		81EB5EAF535B5F9956423D2C820BDEAB /* NotificationCenter.framework */ = {isa = PBXFileReference; lastKnownFileType = wrapper.framework; name = NotificationCenter.framework; path = System/Library/Frameworks/NotificationCenter.framework; sourceTree = SDKROOT; };
		8603D2176A197FAA388545DB200A8387 /* injection.js */ = {isa = PBXFileReference; fileEncoding = 4; lastKnownFileType = sourcecode.javascript; path = injection.js; sourceTree = "<group>"; };
		88876A810118A1F86967FECA52FE2418 /* ZimFileMissingIndicator.swift */ = {isa = PBXFileReference; lastKnownFileType = sourcecode.swift; path = ZimFileMissingIndicator.swift; sourceTree = "<group>"; };
		899F4A12202FEBAB5855C716B5CCF9C9 /* CoreKiwix.modulemap */ = {isa = PBXFileReference; lastKnownFileType = "sourcecode.module-map"; path = CoreKiwix.modulemap; sourceTree = "<group>"; };
		8A7FF1CFD6B0DA099ADFB21E37BCFE1E /* WebView.swift */ = {isa = PBXFileReference; lastKnownFileType = sourcecode.swift; path = WebView.swift; sourceTree = "<group>"; };
		8D3C33F93A400B054D82B0169A537CAA /* Attribute.swift */ = {isa = PBXFileReference; lastKnownFileType = sourcecode.swift; path = Attribute.swift; sourceTree = "<group>"; };
		95DD5E5D6EB7ED08A249332CE8860762 /* AppDelegate.swift */ = {isa = PBXFileReference; lastKnownFileType = sourcecode.swift; path = AppDelegate.swift; sourceTree = "<group>"; };
		9AC4882226237E369DFD139CC28D9A99 /* QuickLook.framework */ = {isa = PBXFileReference; lastKnownFileType = wrapper.framework; name = QuickLook.framework; path = System/Library/Frameworks/QuickLook.framework; sourceTree = SDKROOT; };
		9EFB9D360F9341DF7FBC1B9EEA5140B0 /* WikiMed.app */ = {isa = PBXFileReference; explicitFileType = wrapper.application; includeInIndex = 0; path = WikiMed.app; sourceTree = BUILT_PRODUCTS_DIR; };
		A1D61671158BB68FFB01751BF978CF86 /* Formatter.swift */ = {isa = PBXFileReference; lastKnownFileType = sourcecode.swift; path = Formatter.swift; sourceTree = "<group>"; };
		A29623828247A7E1DD0FF9BFDA1364F4 /* OPDSParser.swift */ = {isa = PBXFileReference; fileEncoding = 4; lastKnownFileType = sourcecode.swift; path = OPDSParser.swift; sourceTree = "<group>"; };
		A3E99FAF09E8B9BE7CC5571E6C29A29C /* BookmarkButton.swift */ = {isa = PBXFileReference; lastKnownFileType = sourcecode.swift; path = BookmarkButton.swift; sourceTree = "<group>"; };
		A6F348A7FF9A19FCD2119E1E663740D4 /* LanguageSelector.swift */ = {isa = PBXFileReference; lastKnownFileType = sourcecode.swift; path = LanguageSelector.swift; sourceTree = "<group>"; };
		A94F2A8333230B566B360A0B0D5EBE09 /* NavigationButtons.swift */ = {isa = PBXFileReference; lastKnownFileType = sourcecode.swift; path = NavigationButtons.swift; sourceTree = "<group>"; };
		A96BBD6976BB3E565B2E9987DE6C473A /* Kiwix.entitlements */ = {isa = PBXFileReference; lastKnownFileType = text.plist.entitlements; path = Kiwix.entitlements; sourceTree = "<group>"; };
		B0AFF8DE9EBDD22DA7A0A71A33F8FE60 /* ArticleShortcutButtons.swift */ = {isa = PBXFileReference; lastKnownFileType = sourcecode.swift; path = ArticleShortcutButtons.swift; sourceTree = "<group>"; };
		B2A2398BED4E7FB85D3BB4DDB5F616F2 /* FlavorTag.swift */ = {isa = PBXFileReference; lastKnownFileType = sourcecode.swift; path = FlavorTag.swift; sourceTree = "<group>"; };
		B400E94A940D507E69F11B4474372F13 /* ZimFilesNew.swift */ = {isa = PBXFileReference; lastKnownFileType = sourcecode.swift; path = ZimFilesNew.swift; sourceTree = "<group>"; };
		B5CFECAB62433EE1F17245AE517B287E /* SearchOperation.swift */ = {isa = PBXFileReference; lastKnownFileType = sourcecode.swift; path = SearchOperation.swift; sourceTree = "<group>"; };
		B73325FF7929E0BB717B2E1C4DDD2013 /* About.swift */ = {isa = PBXFileReference; lastKnownFileType = sourcecode.swift; path = About.swift; sourceTree = "<group>"; };
		B77731F966A7050776E0F8DB2A8D4269 /* Assets.xcassets */ = {isa = PBXFileReference; lastKnownFileType = folder.assetcatalog; path = Assets.xcassets; sourceTree = "<group>"; };
		B846ED2EB4604FF507D131221BA6CF10 /* DefaultKeys.swift */ = {isa = PBXFileReference; lastKnownFileType = sourcecode.swift; path = DefaultKeys.swift; sourceTree = "<group>"; };
		B8BBB28717E68B6439B409CA8AF1B528 /* ZimFileDetail.swift */ = {isa = PBXFileReference; lastKnownFileType = sourcecode.swift; path = ZimFileDetail.swift; sourceTree = "<group>"; };
		BAF3DC6524BE8030A4489E371AB4E6B6 /* SearchOperation.h */ = {isa = PBXFileReference; lastKnownFileType = sourcecode.c.h; path = SearchOperation.h; sourceTree = "<group>"; };
		BF0982517D5D9BF78ABF1C13800E69B0 /* Errors.swift */ = {isa = PBXFileReference; lastKnownFileType = sourcecode.swift; path = Errors.swift; sourceTree = "<group>"; };
		C4655CE3BDC793F0C9B3C2D74FC01F26 /* Info.plist */ = {isa = PBXFileReference; fileEncoding = 4; lastKnownFileType = text.plist.xml; path = Info.plist; sourceTree = "<group>"; };
		C60BB48DE03DC40363853759F61F7D40 /* SearchResultRow.swift */ = {isa = PBXFileReference; lastKnownFileType = sourcecode.swift; path = SearchResultRow.swift; sourceTree = "<group>"; };
		C71ED8E3F6E4D699EDBAB70E94248720 /* OutlineButton.swift */ = {isa = PBXFileReference; lastKnownFileType = sourcecode.swift; path = OutlineButton.swift; sourceTree = "<group>"; };
		C7A4C81751D1428A0AC63F97DF25A425 /* LibraryRefreshViewModelTest.swift */ = {isa = PBXFileReference; lastKnownFileType = sourcecode.swift; path = LibraryRefreshViewModelTest.swift; sourceTree = "<group>"; };
		C8181DB7981EFE71DFA2DD6C77F8DDC4 /* ZimFilesCategories.swift */ = {isa = PBXFileReference; lastKnownFileType = sourcecode.swift; path = ZimFilesCategories.swift; sourceTree = "<group>"; };
		C8B0373B5F29C42662FD5E3D9A38D9D4 /* ZimFileMetaData.mm */ = {isa = PBXFileReference; fileEncoding = 4; lastKnownFileType = sourcecode.cpp.objcpp; path = ZimFileMetaData.mm; sourceTree = "<group>"; };
		CBC9EEC5183B85B33E8F0FBAE28D21B2 /* ArticleCell.swift */ = {isa = PBXFileReference; lastKnownFileType = sourcecode.swift; path = ArticleCell.swift; sourceTree = "<group>"; };
		D085A8DD03344D7E9B3E788EAA9DBBB7 /* App_macOS.swift */ = {isa = PBXFileReference; lastKnownFileType = sourcecode.swift; path = App_macOS.swift; sourceTree = "<group>"; };
		D3EDC324FE93B3EA8CF0050F1E1D3D2E /* OPDSParser.h */ = {isa = PBXFileReference; fileEncoding = 4; lastKnownFileType = sourcecode.c.h; path = OPDSParser.h; sourceTree = "<group>"; };
		D60FA46B70998A3168E4F5FE8C57F990 /* Base */ = {isa = PBXFileReference; lastKnownFileType = file.storyboard; name = Base; path = Base.lproj/Main.storyboard; sourceTree = "<group>"; };
		D655D62EAB8D98CCB21054C7088006C8 /* ZimFileService.h */ = {isa = PBXFileReference; fileEncoding = 4; lastKnownFileType = sourcecode.c.h; path = ZimFileService.h; sourceTree = "<group>"; };
		D80384972021DE18B7E95BC48F99D0E0 /* ZimFileService.mm */ = {isa = PBXFileReference; fileEncoding = 4; lastKnownFileType = sourcecode.cpp.objcpp; path = ZimFileService.mm; sourceTree = "<group>"; };
		DC6B337C3B6346E2C367F5C6F94C7F00 /* DataModel.xcdatamodel */ = {isa = PBXFileReference; lastKnownFileType = wrapper.xcdatamodel; path = DataModel.xcdatamodel; sourceTree = "<group>"; };
		E0338D56CA5917223BDD98FA8FA66AC4 /* FileImport.swift */ = {isa = PBXFileReference; lastKnownFileType = sourcecode.swift; path = FileImport.swift; sourceTree = "<group>"; };
		E293726718DA851809C96C0CD1BED977 /* ZimFileMetaData.h */ = {isa = PBXFileReference; fileEncoding = 4; lastKnownFileType = sourcecode.c.h; path = ZimFileMetaData.h; sourceTree = "<group>"; };
		E635007FA0FE278C7B50E1ED3E120466 /* URL.swift */ = {isa = PBXFileReference; lastKnownFileType = sourcecode.swift; path = URL.swift; sourceTree = "<group>"; };
		E7A5B3715F6D7C7025528F415683D3EC /* NavigationViewModel.swift */ = {isa = PBXFileReference; lastKnownFileType = sourcecode.swift; path = NavigationViewModel.swift; sourceTree = "<group>"; };
		E7AB367115CAE2B98E44C7A92E1A226F /* OPDSParserTests.swift */ = {isa = PBXFileReference; lastKnownFileType = sourcecode.swift; path = OPDSParserTests.swift; sourceTree = "<group>"; };
		EA7C1DEFB3F6C25198B0EB07BAC6C65E /* Database.swift */ = {isa = PBXFileReference; lastKnownFileType = sourcecode.swift; path = Database.swift; sourceTree = "<group>"; };
		EC2626DC8FEA164684E29C81C9EE6BEC /* ViewModifiers.swift */ = {isa = PBXFileReference; lastKnownFileType = sourcecode.swift; path = ViewModifiers.swift; sourceTree = "<group>"; };
		ED44A5CE2578951E7101D0DF22613AFD /* Settings.swift */ = {isa = PBXFileReference; lastKnownFileType = sourcecode.swift; path = Settings.swift; sourceTree = "<group>"; };
		ED46F8FD064936B2989F9C4A69C99B25 /* GridCommon.swift */ = {isa = PBXFileReference; lastKnownFileType = sourcecode.swift; path = GridCommon.swift; sourceTree = "<group>"; };
		EE2B7E7C7F70EDD4AB1B4E44674D871D /* MapKit.framework */ = {isa = PBXFileReference; lastKnownFileType = wrapper.framework; name = MapKit.framework; path = System/Library/Frameworks/MapKit.framework; sourceTree = SDKROOT; };
		F560E8C937D3CBDE66F5DAF47C539553 /* ZimFilesOpened.swift */ = {isa = PBXFileReference; lastKnownFileType = sourcecode.swift; path = ZimFilesOpened.swift; sourceTree = "<group>"; };
		F737C5986CC406CC2EC757F8E7DE73ED /* WebKitHandler.swift */ = {isa = PBXFileReference; fileEncoding = 4; lastKnownFileType = sourcecode.swift; path = WebKitHandler.swift; sourceTree = "<group>"; };
		F8BCAE97C60E19EC232A70AEAF1E3D62 /* wikipedia_dark.css */ = {isa = PBXFileReference; lastKnownFileType = text.css; path = wikipedia_dark.css; sourceTree = "<group>"; };
		F9BD3C4948E6A916830840B55B93DB35 /* SearchOperation.mm */ = {isa = PBXFileReference; lastKnownFileType = sourcecode.cpp.objcpp; path = SearchOperation.mm; sourceTree = "<group>"; };
		F9BE8E1610C2ACA887A5889A7EF3429A /* TabsManagerButton.swift */ = {isa = PBXFileReference; lastKnownFileType = sourcecode.swift; path = TabsManagerButton.swift; sourceTree = "<group>"; };
		FC017E8651A77DD6FF735B1B390F01CA /* SidebarViewController.swift */ = {isa = PBXFileReference; lastKnownFileType = sourcecode.swift; path = SidebarViewController.swift; sourceTree = "<group>"; };
/* End PBXFileReference section */

/* Begin PBXFrameworksBuildPhase section */
		6B1589CE6D14401A9EA311885268E83E /* Frameworks */ = {
			isa = PBXFrameworksBuildPhase;
			buildActionMask = 2147483647;
			files = (
			);
			runOnlyForDeploymentPostprocessing = 0;
		};
		1DC14831C00AD1C396F2DC3BBE7595A6 /* Frameworks */ = {
			isa = PBXFrameworksBuildPhase;
			buildActionMask = 2147483647;
			files = (
				F7AB9A9E18817D93133E505C29222500 /* CoreKiwix.xcframework in Frameworks */,
			);
			runOnlyForDeploymentPostprocessing = 0;
		};
		D2D248DBA010D0048D4B4466077554E9 /* Frameworks */ = {
			isa = PBXFrameworksBuildPhase;
			buildActionMask = 2147483647;
			files = (
			);
			runOnlyForDeploymentPostprocessing = 0;
		};
/* End PBXFrameworksBuildPhase section */

/* Begin PBXGroup section */
		0829C62A4F14D32ED46ED9613606BFDD /* Frameworks */ = {
			isa = PBXGroup;
			children = (
				7B226696DDF9FFE218ADF9979ECB4F55 /* CoreKiwix.xcframework */,
				EE2B7E7C7F70EDD4AB1B4E44674D871D /* MapKit.framework */,
				81EB5EAF535B5F9956423D2C820BDEAB /* NotificationCenter.framework */,
				9AC4882226237E369DFD139CC28D9A99 /* QuickLook.framework */,
				1E0B229B4EADB8EBC14F5EAF131B73F9 /* SwiftUI.framework */,
				5DD6A908A5637E0DB7F9B43F0A34490C /* WebKit.framework */,
			);
			name = Frameworks;
			sourceTree = "<group>";
		};
		DE1EF4DA84AF316B033B4978B0A79949 /* Tests */ = {
			isa = PBXGroup;
			children = (
				C7A4C81751D1428A0AC63F97DF25A425 /* LibraryRefreshViewModelTest.swift */,
				E7AB367115CAE2B98E44C7A92E1A226F /* OPDSParserTests.swift */,
				3B5752A6FE357E95CE8443D96B8F2F78 /* ParserTests.swift */,
			);
			path = Tests;
			sourceTree = "<group>";
		};
		EDAEA842F061052E0284FF71BFE1EA62 /* Utilities */ = {
			isa = PBXGroup;
			children = (
				1CF954C780EDF89DE4DEB0E9DF80D2D2 /* FeatureFlags.swift */,
				5BEC08E510223F7C52C8A51B2CDD19ED /* Log.swift */,
				E635007FA0FE278C7B50E1ED3E120466 /* URL.swift */,
				F737C5986CC406CC2EC757F8E7DE73ED /* WebKitHandler.swift */,
			);
			path = Utilities;
			sourceTree = "<group>";
		};
		CD478EB475319A45DFF35E44BBAB5858 /* Model */ = {
			isa = PBXGroup;
			children = (
				54AEAAAEED23977221D1082D377BFF4D /* Entities */,
				D37A9A7ACA3CD2390D5C0EE6876A69D5 /* OPDSParser */,
				EDAEA842F061052E0284FF71BFE1EA62 /* Utilities */,
				1E64014EE42466ADC3ED488CFF3A5E57 /* ZimFileService */,
				F4C674D35F7B74E5775E0D21C5E0B0BB /* DataModel.xcdatamodeld */,
				347B29DAE08B507CB6F232DA06DF1A8E /* DownloadService.swift */,
			);
			path = Model;
			sourceTree = "<group>";
		};
		013B47B8D1A981EFD14ECD98DDF7CFC0 /* ViewModel */ = {
			isa = PBXGroup;
			children = (
				56A23BEBD76143680E207A8C220F2F3E /* BrowserViewModel.swift */,
				382A952AF8D1A4146A128C44E336B5F6 /* LibraryViewModel.swift */,
				E7A5B3715F6D7C7025528F415683D3EC /* NavigationViewModel.swift */,
				362193EC7993D33055E8962374ECB3E6 /* SearchViewModel.swift */,
			);
			path = ViewModel;
			sourceTree = "<group>";
		};
		6FE766059A38DD7D6551A7220254232D /* Buttons */ = {
			isa = PBXGroup;
			children = (
				B0AFF8DE9EBDD22DA7A0A71A33F8FE60 /* ArticleShortcutButtons.swift */,
				A3E99FAF09E8B9BE7CC5571E6C29A29C /* BookmarkButton.swift */,
				A94F2A8333230B566B360A0B0D5EBE09 /* NavigationButtons.swift */,
				C71ED8E3F6E4D699EDBAB70E94248720 /* OutlineButton.swift */,
				F9BE8E1610C2ACA887A5889A7EF3429A /* TabsManagerButton.swift */,
			);
			path = Buttons;
			sourceTree = "<group>";
		};
		D37A9A7ACA3CD2390D5C0EE6876A69D5 /* OPDSParser */ = {
			isa = PBXGroup;
			children = (
				D3EDC324FE93B3EA8CF0050F1E1D3D2E /* OPDSParser.h */,
				69DC042D564FCA664AA85193B18DE1AA /* OPDSParser.mm */,
				A29623828247A7E1DD0FF9BFDA1364F4 /* OPDSParser.swift */,
			);
			path = OPDSParser;
			sourceTree = "<group>";
		};
		7BD3C26CA7B39473F049C9F9E4E6D92A /* Model */ = {
			isa = PBXGroup;
			children = (
				CEEB43E2C8C8A5717035CF849C5A5A8B /* SearchOperation */,
				3602384936AC5E70DA3B0A724470AF07 /* BookmarkOperations.swift */,
				EA7C1DEFB3F6C25198B0EB07BAC6C65E /* Database.swift */,
				B846ED2EB4604FF507D131221BA6CF10 /* DefaultKeys.swift */,
				1F4665AF8AC99FAB0437CDAC1E5C8EA0 /* DirectoryMonitor.swift */,
				2E6270D35ED7B2E6CB119D5DEAF7E3E8 /* Enum.swift */,
				A1D61671158BB68FFB01751BF978CF86 /* Formatter.swift */,
				788D4DB07042EB574EC2CFF7F4BC0EC3 /* HTMLParser.swift */,
				5995B06510A3552D4FDF8B96393D0417 /* LibraryOperations.swift */,
			);
			path = Model;
			sourceTree = "<group>";
		};
		6B3B1406669EF04D0385DDB6EA09B56D /* ViewModifiers */ = {
			isa = PBXGroup;
			children = (
				05B6C4C5BC63A0A69112FF886B7446B3 /* AlertHandler.swift */,
				6CD351FB68434BD5468087CA7DD20BFD /* BookmarkContextMenu.swift */,
				35EE8753A1E96F31021E2F8F57C4A07E /* CellBackground.swift */,
				6A1E817C797E4EFF673C45FABD9C8156 /* ExternalLinkHandler.swift */,
				E0338D56CA5917223BDD98FA8FA66AC4 /* FileImport.swift */,
				ED46F8FD064936B2989F9C4A69C99B25 /* GridCommon.swift */,
				EC2626DC8FEA164684E29C81C9EE6BEC /* ViewModifiers.swift */,
			);
			path = ViewModifiers;
			sourceTree = "<group>";
		};
		04E92F1A563AE2FEB1C826C9DDCC299E /* Settings */ = {
			isa = PBXGroup;
			children = (
				B73325FF7929E0BB717B2E1C4DDD2013 /* About.swift */,
				A6F348A7FF9A19FCD2119E1E663740D4 /* LanguageSelector.swift */,
				ED44A5CE2578951E7101D0DF22613AFD /* Settings.swift */,
			);
			path = Settings;
			sourceTree = "<group>";
		};
		1E64014EE42466ADC3ED488CFF3A5E57 /* ZimFileService */ = {
			isa = PBXGroup;
			children = (
				D655D62EAB8D98CCB21054C7088006C8 /* ZimFileService.h */,
				D80384972021DE18B7E95BC48F99D0E0 /* ZimFileService.mm */,
				2300456F955151C079E3DC925673BC1A /* ZimFileService.swift */,
			);
			path = ZimFileService;
			sourceTree = "<group>";
		};
		7625C0BFD100CF3F08E610F8F9B56D1B /* BuildingBlocks */ = {
			isa = PBXGroup;
			children = (
				CBC9EEC5183B85B33E8F0FBAE28D21B2 /* ArticleCell.swift */,
				8D3C33F93A400B054D82B0169A537CAA /* Attribute.swift */,
				4230A019E6E4187AD13DFE97CE5B01C4 /* DownloadTaskCell.swift */,
				2C6CCDE528FCEC2377ABD8E511D8B1A3 /* Favicon.swift */,
				B2A2398BED4E7FB85D3BB4DDB5F616F2 /* FlavorTag.swift */,
				73DADC8857FB343438059A92FE042E13 /* GridSection.swift */,
				391C2FD89D2B888287518DDBD4E59028 /* LibraryLastRefreshTime.swift */,
				1537B3A1B31F4FE2090CA4CBF43CE1D2 /* Message.swift */,
				70B1DB773B0E8FAF5070058CB5439A7C /* SafariView.swift */,
				C60BB48DE03DC40363853759F61F7D40 /* SearchResultRow.swift */,
				7ADF905994DC7CBA0223E06A1F3911AE /* SheetContent.swift */,
				114114E603E8ABAE270786CE6CA7F70D /* TabLabel.swift */,
				8A7FF1CFD6B0DA099ADFB21E37BCFE1E /* WebView.swift */,
				55092452C492F3F1D95E6068D2042712 /* ZimFileCell.swift */,
				88876A810118A1F86967FECA52FE2418 /* ZimFileMissingIndicator.swift */,
				8035BE791423E16B3690D118D1F755DD /* ZimFileRow.swift */,
			);
			path = BuildingBlocks;
			sourceTree = "<group>";
		};
		54AEAAAEED23977221D1082D377BFF4D /* Entities */ = {
			isa = PBXGroup;
			children = (
				1AC2DD1A3D24B205291B31CC3E9ECA10 /* SearchResult */,
				F4E873AD0883921E8BCC1141B9F93A48 /* ZimFileMetaData */,
				4C46B5F4DD49E48109CD71044FCB3809 /* Entities.swift */,
				BF0982517D5D9BF78ABF1C13800E69B0 /* Errors.swift */,
			);
			path = Entities;
			sourceTree = "<group>";
		};
		209C2A0F810034053D8534BA65619BB8 /* Library */ = {
			isa = PBXGroup;
			children = (
				3D0DC48A3D41136BC3639A2F8D0E2F82 /* Library.swift */,
				B8BBB28717E68B6439B409CA8AF1B528 /* ZimFileDetail.swift */,
				C8181DB7981EFE71DFA2DD6C77F8DDC4 /* ZimFilesCategories.swift */,
				6B4577A9F045F611F653D745C00E33F7 /* ZimFilesDownloads.swift */,
				B400E94A940D507E69F11B4474372F13 /* ZimFilesNew.swift */,
				F560E8C937D3CBDE66F5DAF47C539553 /* ZimFilesOpened.swift */,
			);
			path = Library;
			sourceTree = "<group>";
		};
		044881F9618708D777035AE67C621532 = {
			isa = PBXGroup;
			children = (
				5ED7E75ED0598D6FA58F90A57F091E51 /* App */,
				0829C62A4F14D32ED46ED9613606BFDD /* Frameworks */,
				CD478EB475319A45DFF35E44BBAB5858 /* Model */,
				F94165EF0895D56F8E25B083A9C2DC15 /* Support */,
				4BA47F837E90EFA0067399306F3EE94C /* SwiftUI */,
				DE1EF4DA84AF316B033B4978B0A79949 /* Tests */,
				013B47B8D1A981EFD14ECD98DDF7CFC0 /* ViewModel */,
				07B2C2B4F04F717A0C2603C8E4785DB7 /* Views */,
				4ED850AA6FF5E5172A38FEE87E9446F1 /* WikiMed */,
				1CCFCAFC41F392749620E64790FC8435 /* Kiwix.app */,
				62C6DBB5D043664A74E6D2D2174329E8 /* Tests.xctest */,
				9EFB9D360F9341DF7FBC1B9EEA5140B0 /* WikiMed.app */,
			);
			sourceTree = "<group>";
			wrapsLines = 0;
		};
		5ED7E75ED0598D6FA58F90A57F091E51 /* App */ = {
			isa = PBXGroup;
			children = (
				11602A0D28F12CAEA3AF9A97ECF239F5 /* App_iOS.swift */,
				D085A8DD03344D7E9B3E788EAA9DBBB7 /* App_macOS.swift */,
				0C331AE68C36AA15800D0B8370DA2141 /* CompactViewController.swift */,
				FC017E8651A77DD6FF735B1B390F01CA /* SidebarViewController.swift */,
				7547F9714C6B54BEE72D3B510B069274 /* SplitViewController.swift */,
			);
			path = App;
			sourceTree = "<group>";
		};
		CEEB43E2C8C8A5717035CF849C5A5A8B /* SearchOperation */ = {
			isa = PBXGroup;
			children = (
				BAF3DC6524BE8030A4489E371AB4E6B6 /* SearchOperation.h */,
				F9BD3C4948E6A916830840B55B93DB35 /* SearchOperation.mm */,
				B5CFECAB62433EE1F17245AE517B287E /* SearchOperation.swift */,
			);
			path = SearchOperation;
			sourceTree = "<group>";
		};
		4ED850AA6FF5E5172A38FEE87E9446F1 /* WikiMed */ = {
			isa = PBXGroup;
			children = (
				95DD5E5D6EB7ED08A249332CE8860762 /* AppDelegate.swift */,
				B77731F966A7050776E0F8DB2A8D4269 /* Assets.xcassets */,
				2EEA94DB5A22DAEC295650D2770E6DA1 /* Info.plist */,
				46A2C468EB3B36E4503B6203D3981CA6 /* LaunchScreen.storyboard */,
				5D470563707CB76E7156D0D66C6A491E /* Main.storyboard */,
				4D5E70919B7BF0A08263D51241818176 /* ViewController.swift */,
			);
			path = WikiMed;
			sourceTree = "<group>";
		};
		F4E873AD0883921E8BCC1141B9F93A48 /* ZimFileMetaData */ = {
			isa = PBXGroup;
			children = (
				E293726718DA851809C96C0CD1BED977 /* ZimFileMetaData.h */,
				C8B0373B5F29C42662FD5E3D9A38D9D4 /* ZimFileMetaData.mm */,
			);
			path = ZimFileMetaData;
			sourceTree = "<group>";
		};
		1AC2DD1A3D24B205291B31CC3E9ECA10 /* SearchResult */ = {
			isa = PBXGroup;
			children = (
				81651335211C7DEA4653DE166184C46C /* SearchResult.h */,
				03A9D56AD3535DD269D4044BC5F3157F /* SearchResult.m */,
				29657D88FC7D6575C28828DB0AC0B24C /* SearchResult.swift */,
			);
			name = SearchResult;
			sourceTree = "<group>";
		};
		07B2C2B4F04F717A0C2603C8E4785DB7 /* Views */ = {
			isa = PBXGroup;
			children = (
				7625C0BFD100CF3F08E610F8F9B56D1B /* BuildingBlocks */,
				6FE766059A38DD7D6551A7220254232D /* Buttons */,
				209C2A0F810034053D8534BA65619BB8 /* Library */,
				04E92F1A563AE2FEB1C826C9DDCC299E /* Settings */,
				6B3B1406669EF04D0385DDB6EA09B56D /* ViewModifiers */,
				61CFADAE1436FA4BAD0B66FEA48CCE48 /* Bookmarks.swift */,
				41BCA66E91B5116675D9F27A06690F44 /* BrowserTab.swift */,
				0FCAA94985EAD3CE1DBCDA49B4583154 /* Commands.swift */,
				70F5BDF82756C373F2137820C833C027 /* SearchResults.swift */,
				13BFDB833DBCFCDA6B12698E0A2EC7F1 /* Welcome.swift */,
			);
			path = Views;
			sourceTree = "<group>";
		};
		4BA47F837E90EFA0067399306F3EE94C /* SwiftUI */ = {
			isa = PBXGroup;
			children = (
				7BD3C26CA7B39473F049C9F9E4E6D92A /* Model */,
				11775F6AD07AFDD9AF23D786FD16877D /* Patches.swift */,
			);
			path = SwiftUI;
			sourceTree = "<group>";
		};
		F94165EF0895D56F8E25B083A9C2DC15 /* Support */ = {
			isa = PBXGroup;
			children = (
				619BA5528A5500FCFCC4C33960C73FC9 /* Assets.xcassets */,
				899F4A12202FEBAB5855C716B5CCF9C9 /* CoreKiwix.modulemap */,
				C4655CE3BDC793F0C9B3C2D74FC01F26 /* Info.plist */,
				27CC99A05AEC3AF3FFF91C899687BC62 /* Kiwix-Bridging-Header.h */,
				A96BBD6976BB3E565B2E9987DE6C473A /* Kiwix.entitlements */,
				8603D2176A197FAA388545DB200A8387 /* injection.js */,
				F8BCAE97C60E19EC232A70AEAF1E3D62 /* wikipedia_dark.css */,
			);
			path = Support;
			sourceTree = "<group>";
		};
/* End PBXGroup section */

/* Begin PBXNativeTarget section */
		0F6F23B0A8C39F49D14E6EBE31B3BD6B /* Tests */ = {
			isa = PBXNativeTarget;
			buildConfigurationList = 09AF9EFA3568C8AEEF4D4E80CA7C33E8 /* Build configuration list for PBXNativeTarget "Tests" */;
			buildPhases = (
				AAC23EF9588C8F08217B65DCE6337ACC /* Sources */,
				6B1589CE6D14401A9EA311885268E83E /* Frameworks */,
				D2B924A18CC697C4E90862F3DC141C53 /* Resources */,
			);
			buildRules = (
			);
			dependencies = (
				23BD21A9E60B4D464D535E6665D07CBA /* PBXTargetDependency */,
			);
			name = Tests;
			productName = Tests;
			productReference = 62C6DBB5D043664A74E6D2D2174329E8 /* Tests.xctest */;
			productType = "com.apple.product-type.bundle.unit-test";
		};
		FF670FB01AEEFFD29B3024F9574F7517 /* Kiwix */ = {
			isa = PBXNativeTarget;
			buildConfigurationList = 691D78C1BC1E4CD0CD4BC9FE6801A2E6 /* Build configuration list for PBXNativeTarget "Kiwix" */;
			buildPhases = (
				88F604AA7495B6930614E234BF3A36FE /* Run Script */,
				34439DDC906D7D61846981DD5983F3D8 /* ShellScript */,
				97FD195EA32C35E2FE86B08B34A9F98B /* Sources */,
				1DC14831C00AD1C396F2DC3BBE7595A6 /* Frameworks */,
				5E52E6CB0A95FC73B040F2EEEAF3C3EA /* Resources */,
			);
			buildRules = (
			);
			dependencies = (
			);
			name = Kiwix;
			packageProductDependencies = (
			);
			productName = iOS_SwiftUI;
			productReference = 1CCFCAFC41F392749620E64790FC8435 /* Kiwix.app */;
			productType = "com.apple.product-type.application";
		};
		6872E3F61A06F3D32C6805F14A4A9AEB /* WikiMed */ = {
			isa = PBXNativeTarget;
			buildConfigurationList = 0AF78DD78E75FD3DBA0BB1C34E0A6A75 /* Build configuration list for PBXNativeTarget "WikiMed" */;
			buildPhases = (
				7357F9533B2F8B3ACA0625995863B300 /* Sources */,
				D2D248DBA010D0048D4B4466077554E9 /* Frameworks */,
				C4E6217276EF9F853211592BFEC5F74B /* Resources */,
				1B0982CB71023E3D86BC35BCEB501796 /* Embed Frameworks */,
			);
			buildRules = (
			);
			dependencies = (
			);
			name = WikiMed;
			productName = WikiMed;
			productReference = 9EFB9D360F9341DF7FBC1B9EEA5140B0 /* WikiMed.app */;
			productType = "com.apple.product-type.application";
		};
/* End PBXNativeTarget section */

/* Begin PBXProject section */
		5BF54D938CAB9344C114C3DF569A5E14 /* Project object */ = {
			isa = PBXProject;
			attributes = {
				BuildIndependentTargetsInParallel = YES;
				LastSwiftUpdateCheck = 1420;
				LastUpgradeCheck = 1500;
				ORGANIZATIONNAME = "Chris Li";
				TargetAttributes = {
					0F6F23B0A8C39F49D14E6EBE31B3BD6B = {
						CreatedOnToolsVersion = 14.2;
						TestTargetID = FF670FB01AEEFFD29B3024F9574F7517;
					};
					FF670FB01AEEFFD29B3024F9574F7517 = {
						CreatedOnToolsVersion = 13.3;
					};
					6872E3F61A06F3D32C6805F14A4A9AEB = {
						CreatedOnToolsVersion = 9.4.1;
						DevelopmentTeam = L7HWM3SP3L;
						ProvisioningStyle = Automatic;
					};
				};
			};
			buildConfigurationList = ABD4F46B4572BDC462D2AC9CE1E5E21D /* Build configuration list for PBXProject "Kiwix" */;
			compatibilityVersion = "Xcode 13.0";
			developmentRegion = en;
			hasScannedForEncodings = 0;
			knownRegions = (
				en,
				Base,
			);
			mainGroup = 044881F9618708D777035AE67C621532;
			packageReferences = (
			);
			productRefGroup = 044881F9618708D777035AE67C621532;
			projectDirPath = "";
			projectRoot = "";
			targets = (
				FF670FB01AEEFFD29B3024F9574F7517 /* Kiwix */,
				6872E3F61A06F3D32C6805F14A4A9AEB /* WikiMed */,
				0F6F23B0A8C39F49D14E6EBE31B3BD6B /* Tests */,
			);
		};
/* End PBXProject section */

/* Begin PBXResourcesBuildPhase section */
		D2B924A18CC697C4E90862F3DC141C53 /* Resources */ = {
			isa = PBXResourcesBuildPhase;
			buildActionMask = 2147483647;
			files = (
			);
			runOnlyForDeploymentPostprocessing = 0;
		};
		5E52E6CB0A95FC73B040F2EEEAF3C3EA /* Resources */ = {
			isa = PBXResourcesBuildPhase;
			buildActionMask = 2147483647;
			files = (
				763B1CD88FE8AA12BE2C9A9B2C36C3DD /* Assets.xcassets in Resources */,
				F6BE763318825F7460CB09184F8C7368 /* injection.js in Resources */,
				87021F0F161B88EB39E9129207B98008 /* wikipedia_dark.css in Resources */,
			);
			runOnlyForDeploymentPostprocessing = 0;
		};
		C4E6217276EF9F853211592BFEC5F74B /* Resources */ = {
			isa = PBXResourcesBuildPhase;
			buildActionMask = 2147483647;
			files = (
				93EE03F6BDA182BFBBC8833908C3127E /* Assets.xcassets in Resources */,
				A908BC1D6B7245341FD7490038C4034D /* LaunchScreen.storyboard in Resources */,
				6B539608799E9FE10BB76484DA3900D5 /* Main.storyboard in Resources */,
			);
			runOnlyForDeploymentPostprocessing = 0;
		};
/* End PBXResourcesBuildPhase section */

/* Begin PBXShellScriptBuildPhase section */
		34439DDC906D7D61846981DD5983F3D8 /* ShellScript */ = {
			isa = PBXShellScriptBuildPhase;
			alwaysOutOfDate = 1;
			buildActionMask = 2147483647;
			files = (
			);
			inputFileListPaths = (
			);
			inputPaths = (
			);
			outputFileListPaths = (
			);
			outputPaths = (
			);
			runOnlyForDeploymentPostprocessing = 0;
			shellPath = /bin/sh;
			shellScript = "# SwiftLint\n\nif [[ \"$(uname -m)\" == arm64 ]]; then\n    export PATH=\"/opt/homebrew/bin:$PATH\"\nfi\n\nif which swiftlint > /dev/null; then\n  swiftlint\nelse\n  echo \"warning: SwiftLint not installed, download from https://github.com/realm/SwiftLint\"\nfi\n";
		};
		88F604AA7495B6930614E234BF3A36FE /* Run Script */ = {
			isa = PBXShellScriptBuildPhase;
			alwaysOutOfDate = 1;
			buildActionMask = 2147483647;
			files = (
			);
			inputFileListPaths = (
			);
			inputPaths = (
			);
			name = "Run Script";
			outputFileListPaths = (
			);
			outputPaths = (
			);
			runOnlyForDeploymentPostprocessing = 0;
			shellPath = /bin/sh;
			shellScript = "# Copy Clang module map to xcframework for Swift C++ Interoperability \n\ncp Support/CoreKiwix.modulemap CoreKiwix.xcframework/ios-arm64/Headers/module.modulemap\ncp Support/CoreKiwix.modulemap CoreKiwix.xcframework/ios-arm64_x86_64-simulator/Headers/module.modulemap\ncp Support/CoreKiwix.modulemap CoreKiwix.xcframework/macos-arm64_x86_64/Headers/module.modulemap\n";
		};
/* End PBXShellScriptBuildPhase section */

/* Begin PBXSourcesBuildPhase section */
		AAC23EF9588C8F08217B65DCE6337ACC /* Sources */ = {
			isa = PBXSourcesBuildPhase;
			buildActionMask = 2147483647;
			files = (
				349471866D07101757C0B028DE5A3600 /* LibraryRefreshViewModelTest.swift in Sources */,
				4FE492324A0A2FFB8B60C4538E0FEB44 /* OPDSParserTests.swift in Sources */,
			);
			runOnlyForDeploymentPostprocessing = 0;
		};
		97FD195EA32C35E2FE86B08B34A9F98B /* Sources */ = {
			isa = PBXSourcesBuildPhase;
			buildActionMask = 2147483647;
			files = (
				D48DBE53D18948C15E3FB68AB0A4B101 /* About.swift in Sources */,
				F32646B65E9F8341012986918BAFB4B6 /* AlertHandler.swift in Sources */,
				E5D7836219D7E28F691779C5C91D083E /* App_iOS.swift in Sources */,
				41F1BB3F9AA9A076A6EEA2E6053141DB /* App_macOS.swift in Sources */,
				0C9247550249FE91A3F06044E17660A5 /* ArticleCell.swift in Sources */,
				E323A9AD5EA3AC6C04345C3DCE98C104 /* ArticleShortcutButtons.swift in Sources */,
				087CE3460E39511D60755E165B662EF5 /* Attribute.swift in Sources */,
				BC3347D56B8E0674FA1E3C34095709C4 /* BookmarkButton.swift in Sources */,
				86064604620F8FB1A16BDC53FC29DEE7 /* BookmarkContextMenu.swift in Sources */,
				F04B5B3881644BD53C94445CAF00C3BC /* Bookmarks.swift in Sources */,
				433F91AC6ABB71AE032CF73A77A96D0F /* BrowserTab.swift in Sources */,
				272559663CEF6281961EA8BA1E20C9A5 /* BrowserViewModel.swift in Sources */,
				7D93AB544752EA9A1247D89015C85B07 /* CellBackground.swift in Sources */,
				9A462B7D2A4BE2CAF68A5C0F030D59C5 /* Commands.swift in Sources */,
				114818508DCEE7703516130F608F922E /* CompactViewController.swift in Sources */,
				D1EEC5339959694A33A00A9B7509EEE4 /* DataModel.xcdatamodeld in Sources */,
				4850341003C6DA7972CF3636147F22E4 /* Database.swift in Sources */,
				8395827A19F8F5C6889348E4F2D433D3 /* DefaultKeys.swift in Sources */,
				CB8A26AFBB3436F18C0BE12DAEFA5174 /* DirectoryMonitor.swift in Sources */,
				20AAE8210E2B23619A28F73248E6EDD3 /* DownloadService.swift in Sources */,
				5903EE16A607E2F2CBD8B0FEB1E790E5 /* DownloadTaskCell.swift in Sources */,
				67149B4882D0314D8F3C749A4C273A2B /* Entities.swift in Sources */,
				8BBB62FA3759357571D26CC316EE1559 /* Enum.swift in Sources */,
				0A8AA4EAFC226186D1EBEBBCE484BBB0 /* Errors.swift in Sources */,
				38E54379A9063F6C4CDCD05AB89DABA9 /* ExternalLinkHandler.swift in Sources */,
				6EA1D49EBB509B42976E845D90DC30DB /* Favicon.swift in Sources */,
				58ED6F46C795CB24903D9D2ED764261E /* FeatureFlags.swift in Sources */,
				3D13220A42E39A529CD1640564C910F0 /* FileImport.swift in Sources */,
				576E8D9B85BB1B0ADEFF86E0E59B4EF8 /* FlavorTag.swift in Sources */,
				A993936F603AF14AD2924F9577C55B87 /* Formatter.swift in Sources */,
				3F2ACE8692570FA89B1034A723FE14A3 /* GridCommon.swift in Sources */,
				574C56A2DD67D22D99B989059CB0FEC8 /* GridSection.swift in Sources */,
				EF85D79E37A0819518673EFB3523C5C6 /* HTMLParser.swift in Sources */,
				A5066EAD631F5B60804E7F8FC46FEBB4 /* LanguageSelector.swift in Sources */,
				FC4DDEA66E63F7FFB776E2D8C62D8297 /* Library.swift in Sources */,
				A6765D8A1F0D5AE2D34EF0DB7C14C9A6 /* LibraryLastRefreshTime.swift in Sources */,
				CE76D786229D87DE0C982776BB109273 /* LibraryOperations.swift in Sources */,
				06CB494F569E1C2428ECEB95DF8568E7 /* LibraryViewModel.swift in Sources */,
				5F753872C230CCC544D10336AE79D011 /* Log.swift in Sources */,
				4BFE34FA927FCF1975103DE73F191E1C /* Message.swift in Sources */,
				57898951685484CBBC968C83F1641A42 /* NavigationButtons.swift in Sources */,
				0DA28DBFD60B6D3143F7C70B6B4AD581 /* NavigationViewModel.swift in Sources */,
				7BF22B8E19F8E9449F0150B6B7209872 /* OPDSParser.mm in Sources */,
				B11185C5F2DB6A1B620A57451C2282E1 /* OPDSParser.swift in Sources */,
				64B7E198A6382E1700913D76BD32DCDC /* OutlineButton.swift in Sources */,
				41EA87D6E11318B798991CA7FDBB3A97 /* Patches.swift in Sources */,
				0090EF1C73473760FAE401163A22E039 /* SafariView.swift in Sources */,
				167311A49DE181571B5B30D2D842D689 /* SearchOperation.mm in Sources */,
				B5452536554165BB5305EBC7F8ABF31B /* SearchOperation.swift in Sources */,
				24D1DB69D0277CB19912FE11A064E57E /* SearchResult.m in Sources */,
				AC0C4C79571579061C8949D4CC1BCF11 /* SearchResult.swift in Sources */,
				4AA2B71A10937D7A0A97C35D37B23670 /* SearchResultRow.swift in Sources */,
				5BD2C8A528BE651635C1C365FFCBB082 /* SearchResults.swift in Sources */,
				F8ECB9847B6A9B1641E489A545FA081C /* SearchViewModel.swift in Sources */,
				A7E24EE99FE4704F32B88CA2C11559A7 /* Settings.swift in Sources */,
				E177776151BEEE523143EC9CEE479F4C /* SheetContent.swift in Sources */,
				07F41910F0EA0B900FE4AF0893331C72 /* SidebarViewController.swift in Sources */,
				EEAA4A7F67644DB646AEA1DBBE86FEDD /* SplitViewController.swift in Sources */,
				09C7EEAD210286D7D0677367CFDA0B49 /* TabLabel.swift in Sources */,
				568F916BDC5FE72EA9517458A8D24971 /* TabsManagerButton.swift in Sources */,
				056EB490D0AE76FFAC144741E1F723AD /* URL.swift in Sources */,
				18B32DE56CC0598C711D732A6A1EAEF4 /* ViewModifiers.swift in Sources */,
				3C94196C72153943BCF44219F818E4FB /* WebKitHandler.swift in Sources */,
				09CE6ACAD98FFFA0B734CC205E60CD24 /* WebView.swift in Sources */,
				1A933C647F242F69E612D2EC09E48DF8 /* Welcome.swift in Sources */,
				B0855F83044E27688A169E9BCA7E88E0 /* ZimFileCell.swift in Sources */,
				78A7A9E7D43DCFFD2E578777312B30BA /* ZimFileDetail.swift in Sources */,
				928992CA2EA7738C6DF76BD4203CBC3C /* ZimFileMetaData.mm in Sources */,
				DD8271A239FB3302C3944A8DAF977253 /* ZimFileMissingIndicator.swift in Sources */,
				564E06C667731B06D109DCAFD2B43443 /* ZimFileRow.swift in Sources */,
				19C15EA689AC30939F1DC966FAF1BBD6 /* ZimFileService.mm in Sources */,
				E3F21F4C5E2D0B5265473242AE520758 /* ZimFileService.swift in Sources */,
				AA122771C12CB4B06A99070BF46B0E7C /* ZimFilesCategories.swift in Sources */,
				317C66DF1603CC7DB404C916229EE134 /* ZimFilesDownloads.swift in Sources */,
				844A9877B87C50EDF4E33C0119A42E59 /* ZimFilesNew.swift in Sources */,
				A03ACE140D63367E4A452FB6938028E6 /* ZimFilesOpened.swift in Sources */,
			);
			runOnlyForDeploymentPostprocessing = 0;
		};
		7357F9533B2F8B3ACA0625995863B300 /* Sources */ = {
			isa = PBXSourcesBuildPhase;
			buildActionMask = 2147483647;
			files = (
				2E375FE4CEECA0B194635EECE01FF9C1 /* AppDelegate.swift in Sources */,
				896B8527C501FDC7E2AE73648124C783 /* ViewController.swift in Sources */,
			);
			runOnlyForDeploymentPostprocessing = 0;
		};
/* End PBXSourcesBuildPhase section */

/* Begin PBXTargetDependency section */
		23BD21A9E60B4D464D535E6665D07CBA /* PBXTargetDependency */ = {
			isa = PBXTargetDependency;
			target = FF670FB01AEEFFD29B3024F9574F7517 /* Kiwix */;
			targetProxy = 7F0E025EF9AA19E153702CB5FA08ACE0 /* PBXContainerItemProxy */;
		};
/* End PBXTargetDependency section */

/* Begin PBXVariantGroup section */
		5D470563707CB76E7156D0D66C6A491E /* Main.storyboard */ = {
			isa = PBXVariantGroup;
			children = (
				D60FA46B70998A3168E4F5FE8C57F990 /* Base */,
			);
			name = Main.storyboard;
			sourceTree = "<group>";
		};
		46A2C468EB3B36E4503B6203D3981CA6 /* LaunchScreen.storyboard */ = {
			isa = PBXVariantGroup;
			children = (
				38C0AF5ED4EB852DAD920FF325F32C06 /* Base */,
			);
			name = LaunchScreen.storyboard;
			sourceTree = "<group>";
		};
/* End PBXVariantGroup section */

/* Begin XCBuildConfiguration section */
		B104FF7E05EF29999E2DA7BED63ABF9E /* Debug */ = {
			isa = XCBuildConfiguration;
			buildSettings = {
				BUNDLE_LOADER = "$(TEST_HOST)";
				CLANG_ANALYZER_NONNULL = YES;
				CLANG_ANALYZER_NUMBER_OBJECT_CONVERSION = YES_AGGRESSIVE;
				CLANG_CXX_LANGUAGE_STANDARD = "gnu++20";
				CLANG_ENABLE_OBJC_WEAK = YES;
				CLANG_WARN_DOCUMENTATION_COMMENTS = YES;
				CLANG_WARN_UNGUARDED_AVAILABILITY = YES_AGGRESSIVE;
				CODE_SIGN_STYLE = Automatic;
				CURRENT_PROJECT_VERSION = 1;
				DEAD_CODE_STRIPPING = YES;
				DEVELOPMENT_TEAM = L7HWM3SP3L;
				GCC_C_LANGUAGE_STANDARD = gnu11;
				GENERATE_INFOPLIST_FILE = YES;
				MACOSX_DEPLOYMENT_TARGET = 13.1;
				MARKETING_VERSION = 1.0;
				MTL_ENABLE_DEBUG_INFO = INCLUDE_SOURCE;
				MTL_FAST_MATH = YES;
				PRODUCT_BUNDLE_IDENTIFIER = org.kiwix.Tests;
				PRODUCT_NAME = "$(TARGET_NAME)";
				SDKROOT = macosx;
				SWIFT_ACTIVE_COMPILATION_CONDITIONS = DEBUG;
				SWIFT_EMIT_LOC_STRINGS = NO;
				SWIFT_OBJC_BRIDGING_HEADER = "$(PROJECT_DIR)/Support/Kiwix-Bridging-Header.h";
				SWIFT_VERSION = 5.0;
				TEST_HOST = "$(BUILT_PRODUCTS_DIR)/Kiwix.app/$(BUNDLE_EXECUTABLE_FOLDER_PATH)/Kiwix";
			};
			name = Debug;
		};
		F9402201D8034FEE6BC5CBEF8ACCA98A /* Release */ = {
			isa = XCBuildConfiguration;
			buildSettings = {
				BUNDLE_LOADER = "$(TEST_HOST)";
				CLANG_ANALYZER_NONNULL = YES;
				CLANG_ANALYZER_NUMBER_OBJECT_CONVERSION = YES_AGGRESSIVE;
				CLANG_CXX_LANGUAGE_STANDARD = "gnu++20";
				CLANG_ENABLE_OBJC_WEAK = YES;
				CLANG_WARN_DOCUMENTATION_COMMENTS = YES;
				CLANG_WARN_UNGUARDED_AVAILABILITY = YES_AGGRESSIVE;
				CODE_SIGN_STYLE = Automatic;
				CURRENT_PROJECT_VERSION = 1;
				DEAD_CODE_STRIPPING = YES;
				DEVELOPMENT_TEAM = L7HWM3SP3L;
				GCC_C_LANGUAGE_STANDARD = gnu11;
				GENERATE_INFOPLIST_FILE = YES;
				MACOSX_DEPLOYMENT_TARGET = 13.1;
				MARKETING_VERSION = 1.0;
				MTL_FAST_MATH = YES;
				PRODUCT_BUNDLE_IDENTIFIER = org.kiwix.Tests;
				PRODUCT_NAME = "$(TARGET_NAME)";
				SDKROOT = macosx;
				SWIFT_EMIT_LOC_STRINGS = NO;
				SWIFT_OBJC_BRIDGING_HEADER = "$(PROJECT_DIR)/Support/Kiwix-Bridging-Header.h";
				SWIFT_VERSION = 5.0;
				TEST_HOST = "$(BUILT_PRODUCTS_DIR)/Kiwix.app/$(BUNDLE_EXECUTABLE_FOLDER_PATH)/Kiwix";
			};
			name = Release;
		};
		8885502331312DA79FFDD78F27A3242A /* Debug */ = {
			isa = XCBuildConfiguration;
			buildSettings = {
				ASSETCATALOG_COMPILER_APPICON_NAME = AppIcon;
				CLANG_ANALYZER_NONNULL = YES;
				CLANG_ANALYZER_NUMBER_OBJECT_CONVERSION = YES_AGGRESSIVE;
				CLANG_ENABLE_OBJC_WEAK = YES;
				CLANG_WARN_DOCUMENTATION_COMMENTS = YES;
				CLANG_WARN_UNGUARDED_AVAILABILITY = YES_AGGRESSIVE;
				CODE_SIGN_ENTITLEMENTS = Support/Kiwix.entitlements;
				CODE_SIGN_STYLE = Automatic;
				CURRENT_PROJECT_VERSION = 119;
				DEVELOPMENT_ASSET_PATHS = "";
				DEVELOPMENT_TEAM = L7HWM3SP3L;
				"ENABLE_HARDENED_RUNTIME[sdk=macosx*]" = YES;
				ENABLE_PREVIEWS = YES;
				GENERATE_INFOPLIST_FILE = YES;
				INFOPLIST_FILE = Support/Info.plist;
				INFOPLIST_KEY_LSApplicationCategoryType = "public.app-category.reference";
				INFOPLIST_KEY_LSSupportsOpeningDocumentsInPlace = YES;
				INFOPLIST_KEY_NSPhotoLibraryUsageDescription = "Kiwix needs permission to saves images to your photos app.";
				INFOPLIST_KEY_UIApplicationSupportsIndirectInputEvents = YES;
				INFOPLIST_KEY_UILaunchScreen_Generation = YES;
				INFOPLIST_KEY_UISupportedInterfaceOrientations_iPad = "UIInterfaceOrientationPortrait UIInterfaceOrientationPortraitUpsideDown UIInterfaceOrientationLandscapeLeft UIInterfaceOrientationLandscapeRight";
				INFOPLIST_KEY_UISupportedInterfaceOrientations_iPhone = "UIInterfaceOrientationPortrait UIInterfaceOrientationLandscapeLeft UIInterfaceOrientationLandscapeRight";
				IPHONEOS_DEPLOYMENT_TARGET = 15.0;
				LD_RUNPATH_SEARCH_PATHS = (
					"$(inherited)",
					"@executable_path/Frameworks",
				);
				MARKETING_VERSION = 3.2;
				MTL_ENABLE_DEBUG_INFO = INCLUDE_SOURCE;
				MTL_FAST_MATH = YES;
				PRODUCT_BUNDLE_IDENTIFIER = self.Kiwix;
				PRODUCT_NAME = Kiwix;
				SUPPORTED_PLATFORMS = "iphoneos iphonesimulator macosx";
				SUPPORTS_MACCATALYST = NO;
				SUPPORTS_MAC_DESIGNED_FOR_IPHONE_IPAD = NO;
				SWIFT_ACTIVE_COMPILATION_CONDITIONS = DEBUG;
				SWIFT_EMIT_LOC_STRINGS = YES;
				SWIFT_OBJC_BRIDGING_HEADER = "$(PROJECT_DIR)/Support/Kiwix-Bridging-Header.h";
				SWIFT_VERSION = 5.0;
				TARGETED_DEVICE_FAMILY = "1,2";
			};
			name = Debug;
		};
		D53C747658AD68E629CD963CB4729ECF /* Release */ = {
			isa = XCBuildConfiguration;
			buildSettings = {
				ASSETCATALOG_COMPILER_APPICON_NAME = AppIcon;
				CLANG_ANALYZER_NONNULL = YES;
				CLANG_ANALYZER_NUMBER_OBJECT_CONVERSION = YES_AGGRESSIVE;
				CLANG_ENABLE_OBJC_WEAK = YES;
				CLANG_WARN_DOCUMENTATION_COMMENTS = YES;
				CLANG_WARN_UNGUARDED_AVAILABILITY = YES_AGGRESSIVE;
				CODE_SIGN_ENTITLEMENTS = Support/Kiwix.entitlements;
				CODE_SIGN_STYLE = Automatic;
				CURRENT_PROJECT_VERSION = 119;
				DEVELOPMENT_ASSET_PATHS = "";
				DEVELOPMENT_TEAM = L7HWM3SP3L;
				"ENABLE_HARDENED_RUNTIME[sdk=macosx*]" = YES;
				ENABLE_PREVIEWS = YES;
				GENERATE_INFOPLIST_FILE = YES;
				INFOPLIST_FILE = Support/Info.plist;
				INFOPLIST_KEY_LSApplicationCategoryType = "public.app-category.reference";
				INFOPLIST_KEY_LSSupportsOpeningDocumentsInPlace = YES;
				INFOPLIST_KEY_NSPhotoLibraryUsageDescription = "Kiwix needs permission to saves images to your photos app.";
				INFOPLIST_KEY_UIApplicationSupportsIndirectInputEvents = YES;
				INFOPLIST_KEY_UILaunchScreen_Generation = YES;
				INFOPLIST_KEY_UISupportedInterfaceOrientations_iPad = "UIInterfaceOrientationPortrait UIInterfaceOrientationPortraitUpsideDown UIInterfaceOrientationLandscapeLeft UIInterfaceOrientationLandscapeRight";
				INFOPLIST_KEY_UISupportedInterfaceOrientations_iPhone = "UIInterfaceOrientationPortrait UIInterfaceOrientationLandscapeLeft UIInterfaceOrientationLandscapeRight";
				IPHONEOS_DEPLOYMENT_TARGET = 15.0;
				LD_RUNPATH_SEARCH_PATHS = (
					"$(inherited)",
					"@executable_path/Frameworks",
				);
				MARKETING_VERSION = 3.2;
				MTL_FAST_MATH = YES;
				PRODUCT_BUNDLE_IDENTIFIER = self.Kiwix;
				PRODUCT_NAME = Kiwix;
				SUPPORTED_PLATFORMS = "iphoneos iphonesimulator macosx";
				SUPPORTS_MACCATALYST = NO;
				SUPPORTS_MAC_DESIGNED_FOR_IPHONE_IPAD = NO;
				SWIFT_EMIT_LOC_STRINGS = YES;
				SWIFT_OBJC_BRIDGING_HEADER = "$(PROJECT_DIR)/Support/Kiwix-Bridging-Header.h";
				SWIFT_VERSION = 5.0;
				TARGETED_DEVICE_FAMILY = "1,2";
			};
			name = Release;
		};
		504B021CBFBB711BE52E35341A3BFD7A /* Debug */ = {
			isa = XCBuildConfiguration;
			buildSettings = {
				ALWAYS_SEARCH_USER_PATHS = NO;
				CLANG_ANALYZER_LOCALIZABILITY_NONLOCALIZED = YES;
				CLANG_CXX_LANGUAGE_STANDARD = "c++14";
				CLANG_CXX_LIBRARY = "libc++";
				CLANG_ENABLE_MODULES = YES;
				CLANG_ENABLE_OBJC_ARC = YES;
				CLANG_WARN_BLOCK_CAPTURE_AUTORELEASING = YES;
				CLANG_WARN_BOOL_CONVERSION = YES;
				CLANG_WARN_COMMA = YES;
				CLANG_WARN_CONSTANT_CONVERSION = YES;
				CLANG_WARN_DEPRECATED_OBJC_IMPLEMENTATIONS = YES;
				CLANG_WARN_DIRECT_OBJC_ISA_USAGE = YES_ERROR;
				CLANG_WARN_EMPTY_BODY = YES;
				CLANG_WARN_ENUM_CONVERSION = YES;
				CLANG_WARN_INFINITE_RECURSION = YES;
				CLANG_WARN_INT_CONVERSION = YES;
				CLANG_WARN_NON_LITERAL_NULL_CONVERSION = YES;
				CLANG_WARN_OBJC_IMPLICIT_RETAIN_SELF = YES;
				CLANG_WARN_OBJC_LITERAL_CONVERSION = YES;
				CLANG_WARN_OBJC_ROOT_CLASS = YES_ERROR;
				CLANG_WARN_QUOTED_INCLUDE_IN_FRAMEWORK_HEADER = YES;
				CLANG_WARN_RANGE_LOOP_ANALYSIS = YES;
				CLANG_WARN_STRICT_PROTOTYPES = YES;
				CLANG_WARN_SUSPICIOUS_MOVE = YES;
				CLANG_WARN_UNREACHABLE_CODE = YES;
				CLANG_WARN__DUPLICATE_METHOD_MATCH = YES;
				"CODE_SIGN_IDENTITY[sdk=iphoneos*]" = "iPhone Developer";
				COPY_PHASE_STRIP = NO;
				DEBUG_INFORMATION_FORMAT = dwarf;
				ENABLE_STRICT_OBJC_MSGSEND = YES;
				ENABLE_TESTABILITY = YES;
				EXCLUDED_ARCHS = "";
				GCC_C_LANGUAGE_STANDARD = c11;
				GCC_DYNAMIC_NO_PIC = NO;
				GCC_NO_COMMON_BLOCKS = YES;
				GCC_OPTIMIZATION_LEVEL = 0;
				GCC_PREPROCESSOR_DEFINITIONS = (
					"DEBUG=1",
					"$(inherited)",
				);
				GCC_WARN_64_TO_32_BIT_CONVERSION = YES;
				GCC_WARN_ABOUT_RETURN_TYPE = YES_ERROR;
				GCC_WARN_UNDECLARED_SELECTOR = YES;
				GCC_WARN_UNINITIALIZED_AUTOS = YES_AGGRESSIVE;
				GCC_WARN_UNUSED_FUNCTION = YES;
				GCC_WARN_UNUSED_VARIABLE = YES;
				IPHONEOS_DEPLOYMENT_TARGET = 15.0;
				MACOSX_DEPLOYMENT_TARGET = 12.0;
				MTL_ENABLE_DEBUG_INFO = YES;
				ONLY_ACTIVE_ARCH = YES;
				OTHER_SWIFT_FLAGS = "";
				SDKROOT = iphoneos;
				SWIFT_OBJC_BRIDGING_HEADER = "$(PROJECT_DIR)/Support/Kiwix-Bridging-Header.h";
				SWIFT_OBJC_INTEROP_MODE = objcxx;
				SWIFT_OPTIMIZATION_LEVEL = "-Onone";
				TARGETED_DEVICE_FAMILY = "1,2";
			};
			name = Debug;
		};
		D38564C50FB55C047E0C6FF35F88B4B4 /* Release */ = {
			isa = XCBuildConfiguration;
			buildSettings = {
				ALWAYS_SEARCH_USER_PATHS = NO;
				CLANG_ANALYZER_LOCALIZABILITY_NONLOCALIZED = YES;
				CLANG_CXX_LANGUAGE_STANDARD = "c++14";
				CLANG_CXX_LIBRARY = "libc++";
				CLANG_ENABLE_MODULES = YES;
				CLANG_ENABLE_OBJC_ARC = YES;
				CLANG_WARN_BLOCK_CAPTURE_AUTORELEASING = YES;
				CLANG_WARN_BOOL_CONVERSION = YES;
				CLANG_WARN_COMMA = YES;
				CLANG_WARN_CONSTANT_CONVERSION = YES;
				CLANG_WARN_DEPRECATED_OBJC_IMPLEMENTATIONS = YES;
				CLANG_WARN_DIRECT_OBJC_ISA_USAGE = YES_ERROR;
				CLANG_WARN_EMPTY_BODY = YES;
				CLANG_WARN_ENUM_CONVERSION = YES;
				CLANG_WARN_INFINITE_RECURSION = YES;
				CLANG_WARN_INT_CONVERSION = YES;
				CLANG_WARN_NON_LITERAL_NULL_CONVERSION = YES;
				CLANG_WARN_OBJC_IMPLICIT_RETAIN_SELF = YES;
				CLANG_WARN_OBJC_LITERAL_CONVERSION = YES;
				CLANG_WARN_OBJC_ROOT_CLASS = YES_ERROR;
				CLANG_WARN_QUOTED_INCLUDE_IN_FRAMEWORK_HEADER = YES;
				CLANG_WARN_RANGE_LOOP_ANALYSIS = YES;
				CLANG_WARN_STRICT_PROTOTYPES = YES;
				CLANG_WARN_SUSPICIOUS_MOVE = YES;
				CLANG_WARN_UNREACHABLE_CODE = YES;
				CLANG_WARN__DUPLICATE_METHOD_MATCH = YES;
				"CODE_SIGN_IDENTITY[sdk=iphoneos*]" = "iPhone Developer";
				COPY_PHASE_STRIP = NO;
				DEBUG_INFORMATION_FORMAT = "dwarf-with-dsym";
				ENABLE_NS_ASSERTIONS = NO;
				ENABLE_STRICT_OBJC_MSGSEND = YES;
				EXCLUDED_ARCHS = "";
				GCC_C_LANGUAGE_STANDARD = c11;
				GCC_NO_COMMON_BLOCKS = YES;
				GCC_WARN_64_TO_32_BIT_CONVERSION = YES;
				GCC_WARN_ABOUT_RETURN_TYPE = YES_ERROR;
				GCC_WARN_UNDECLARED_SELECTOR = YES;
				GCC_WARN_UNINITIALIZED_AUTOS = YES_AGGRESSIVE;
				GCC_WARN_UNUSED_FUNCTION = YES;
				GCC_WARN_UNUSED_VARIABLE = YES;
				IPHONEOS_DEPLOYMENT_TARGET = 15.0;
				MACOSX_DEPLOYMENT_TARGET = 12.0;
				MTL_ENABLE_DEBUG_INFO = NO;
				SDKROOT = iphoneos;
				SWIFT_COMPILATION_MODE = wholemodule;
				SWIFT_OBJC_BRIDGING_HEADER = "$(PROJECT_DIR)/Support/Kiwix-Bridging-Header.h";
				SWIFT_OBJC_INTEROP_MODE = objcxx;
				SWIFT_OPTIMIZATION_LEVEL = "-O";
				TARGETED_DEVICE_FAMILY = "1,2";
				VALIDATE_PRODUCT = YES;
			};
			name = Release;
		};
		DCCCF659E9C6994429064C49335C7291 /* Debug */ = {
			isa = XCBuildConfiguration;
			buildSettings = {
				ASSETCATALOG_COMPILER_APPICON_NAME = AppIcon;
				CLANG_ANALYZER_NONNULL = YES;
				CLANG_ANALYZER_NUMBER_OBJECT_CONVERSION = YES_AGGRESSIVE;
				CLANG_CXX_LANGUAGE_STANDARD = "gnu++14";
				CLANG_ENABLE_OBJC_WEAK = YES;
				CLANG_WARN_DOCUMENTATION_COMMENTS = YES;
				CLANG_WARN_UNGUARDED_AVAILABILITY = YES_AGGRESSIVE;
				CODE_SIGN_IDENTITY = "iPhone Developer";
				CODE_SIGN_STYLE = Automatic;
				DEVELOPMENT_TEAM = L7HWM3SP3L;
				GCC_C_LANGUAGE_STANDARD = gnu11;
				INFOPLIST_FILE = WikiMed/Info.plist;
				IPHONEOS_DEPLOYMENT_TARGET = 12.0;
				LD_RUNPATH_SEARCH_PATHS = (
					"$(inherited)",
					"@executable_path/Frameworks",
				);
				PRODUCT_BUNDLE_IDENTIFIER = org.kiwix.wikimed;
				PRODUCT_NAME = "$(TARGET_NAME)";
				SWIFT_ACTIVE_COMPILATION_CONDITIONS = DEBUG;
				SWIFT_VERSION = 4.0;
				TARGETED_DEVICE_FAMILY = "1,2";
			};
			name = Debug;
		};
		A983F269AF598BE0432440D47670C0AD /* Release */ = {
			isa = XCBuildConfiguration;
			buildSettings = {
				ASSETCATALOG_COMPILER_APPICON_NAME = AppIcon;
				CLANG_ANALYZER_NONNULL = YES;
				CLANG_ANALYZER_NUMBER_OBJECT_CONVERSION = YES_AGGRESSIVE;
				CLANG_CXX_LANGUAGE_STANDARD = "gnu++14";
				CLANG_ENABLE_OBJC_WEAK = YES;
				CLANG_WARN_DOCUMENTATION_COMMENTS = YES;
				CLANG_WARN_UNGUARDED_AVAILABILITY = YES_AGGRESSIVE;
				CODE_SIGN_IDENTITY = "iPhone Developer";
				CODE_SIGN_STYLE = Automatic;
				DEVELOPMENT_TEAM = L7HWM3SP3L;
				GCC_C_LANGUAGE_STANDARD = gnu11;
				INFOPLIST_FILE = WikiMed/Info.plist;
				IPHONEOS_DEPLOYMENT_TARGET = 12.0;
				LD_RUNPATH_SEARCH_PATHS = (
					"$(inherited)",
					"@executable_path/Frameworks",
				);
				PRODUCT_BUNDLE_IDENTIFIER = org.kiwix.wikimed;
				PRODUCT_NAME = "$(TARGET_NAME)";
				SWIFT_VERSION = 4.0;
				TARGETED_DEVICE_FAMILY = "1,2";
			};
			name = Release;
		};
/* End XCBuildConfiguration section */

/* Begin XCConfigurationList section */
		09AF9EFA3568C8AEEF4D4E80CA7C33E8 /* Build configuration list for PBXNativeTarget "Tests" */ = {
			isa = XCConfigurationList;
			buildConfigurations = (
				B104FF7E05EF29999E2DA7BED63ABF9E /* Debug */,
				F9402201D8034FEE6BC5CBEF8ACCA98A /* Release */,
			);
			defaultConfigurationIsVisible = 0;
			defaultConfigurationName = Release;
		};
		691D78C1BC1E4CD0CD4BC9FE6801A2E6 /* Build configuration list for PBXNativeTarget "Kiwix" */ = {
			isa = XCConfigurationList;
			buildConfigurations = (
				8885502331312DA79FFDD78F27A3242A /* Debug */,
				D53C747658AD68E629CD963CB4729ECF /* Release */,
			);
			defaultConfigurationIsVisible = 0;
			defaultConfigurationName = Release;
		};
		ABD4F46B4572BDC462D2AC9CE1E5E21D /* Build configuration list for PBXProject "Kiwix" */ = {
			isa = XCConfigurationList;
			buildConfigurations = (
				504B021CBFBB711BE52E35341A3BFD7A /* Debug */,
				D38564C50FB55C047E0C6FF35F88B4B4 /* Release */,
			);
			defaultConfigurationIsVisible = 0;
			defaultConfigurationName = Release;
		};
		0AF78DD78E75FD3DBA0BB1C34E0A6A75 /* Build configuration list for PBXNativeTarget "WikiMed" */ = {
			isa = XCConfigurationList;
			buildConfigurations = (
				DCCCF659E9C6994429064C49335C7291 /* Debug */,
				A983F269AF598BE0432440D47670C0AD /* Release */,
			);
			defaultConfigurationIsVisible = 0;
			defaultConfigurationName = Release;
		};
/* End XCConfigurationList section */

/* Begin XCRemoteSwiftPackageReference section */
			isa = XCRemoteSwiftPackageReference;
			repositoryURL = "https://github.com/cezheng/Fuzi";
			requirement = {
				kind = upToNextMajorVersion;
				minimumVersion = 3.0.0;
			};
		};
			isa = XCRemoteSwiftPackageReference;
			repositoryURL = "https://github.com/apple/swift-collections.git";
			requirement = {
				kind = upToNextMajorVersion;
				minimumVersion = 1.0.4;
			};
		};
			isa = XCRemoteSwiftPackageReference;
			repositoryURL = "https://github.com/sindresorhus/Defaults";
			requirement = {
				kind = upToNextMajorVersion;
				minimumVersion = 6.0.0;
			};
		};
			isa = XCRemoteSwiftPackageReference;
			repositoryURL = "https://github.com/shaps80/SwiftUIBackports.git";
			requirement = {
				kind = upToNextMajorVersion;
				minimumVersion = 1.0.0;
			};
		};
/* End XCRemoteSwiftPackageReference section */

/* Begin XCSwiftPackageProductDependency section */
			isa = XCSwiftPackageProductDependency;
			productName = OrderedCollections;
		};
			isa = XCSwiftPackageProductDependency;
			productName = Defaults;
		};
			isa = XCSwiftPackageProductDependency;
			productName = Fuzi;
		};
			isa = XCSwiftPackageProductDependency;
			productName = SwiftUIBackports;
		};
/* End XCSwiftPackageProductDependency section */

/* Begin XCVersionGroup section */
		F4C674D35F7B74E5775E0D21C5E0B0BB /* DataModel.xcdatamodeld */ = {
			isa = XCVersionGroup;
			children = (
				DC6B337C3B6346E2C367F5C6F94C7F00 /* DataModel.xcdatamodel */,
			);
			currentVersion = DC6B337C3B6346E2C367F5C6F94C7F00 /* DataModel.xcdatamodel */;
			name = DataModel.xcdatamodeld;
			path = ../SwiftUI/Model/DataModel.xcdatamodeld;
			sourceTree = "<group>";
			versionGroupType = wrapper.xcdatamodel;
		};
/* End XCVersionGroup section */
	};
	rootObject = 5BF54D938CAB9344C114C3DF569A5E14 /* Project object */;
}
